// !$*UTF8*$!
{
	archiveVersion = 1;
	classes = {
	};
	objectVersion = 48;
	objects = {

/* Begin PBXBuildFile section */
		6606168B1FCD348100667020 /* DeleteAppView.swift in Sources */ = {isa = PBXBuildFile; fileRef = 6606168A1FCD348100667020 /* DeleteAppView.swift */; };
		6606168E1FCD35AE00667020 /* DeleteViewCell.swift in Sources */ = {isa = PBXBuildFile; fileRef = 6606168C1FCD35AE00667020 /* DeleteViewCell.swift */; };
		6606168F1FCD35AE00667020 /* DeleteViewCell.xib in Resources */ = {isa = PBXBuildFile; fileRef = 6606168D1FCD35AE00667020 /* DeleteViewCell.xib */; };
		66498E281FC6651A00239B47 /* String+Path.swift in Sources */ = {isa = PBXBuildFile; fileRef = 66498E271FC6651A00239B47 /* String+Path.swift */; };
		66498E2A1FC666A400239B47 /* ShareAppLabel.swift in Sources */ = {isa = PBXBuildFile; fileRef = 66498E291FC666A400239B47 /* ShareAppLabel.swift */; };
		66498E2C1FC67A6400239B47 /* AppData.swift in Sources */ = {isa = PBXBuildFile; fileRef = 66498E2B1FC67A6400239B47 /* AppData.swift */; };
		66498E2E1FC6B92C00239B47 /* ApplicationData.swift in Sources */ = {isa = PBXBuildFile; fileRef = 66498E2D1FC6B92C00239B47 /* ApplicationData.swift */; };
		66498E301FC7A01D00239B47 /* DetailViewController.swift in Sources */ = {isa = PBXBuildFile; fileRef = 66498E2F1FC7A01D00239B47 /* DetailViewController.swift */; };
		66498E321FC7B5AA00239B47 /* EditAppLabelViewController.swift in Sources */ = {isa = PBXBuildFile; fileRef = 66498E311FC7B5AA00239B47 /* EditAppLabelViewController.swift */; };
		66498E341FC7BA3600239B47 /* UIApplication+Stack.swift in Sources */ = {isa = PBXBuildFile; fileRef = 66498E331FC7BA3600239B47 /* UIApplication+Stack.swift */; };
		66498E371FC8067100239B47 /* check.png in Resources */ = {isa = PBXBuildFile; fileRef = 66498E361FC8067100239B47 /* check.png */; };
		66498E391FC810BF00239B47 /* Array+FindIndex.swift in Sources */ = {isa = PBXBuildFile; fileRef = 66498E381FC810BF00239B47 /* Array+FindIndex.swift */; };
		66498E3B1FC82F9000239B47 /* EditToolbar.swift in Sources */ = {isa = PBXBuildFile; fileRef = 66498E3A1FC82F9000239B47 /* EditToolbar.swift */; };
		6652DED01FCEAC9800EB84F6 /* collect@2x.png in Resources */ = {isa = PBXBuildFile; fileRef = 6652DECE1FCEAC9800EB84F6 /* collect@2x.png */; };
		6652DED11FCEAC9800EB84F6 /* collect@3x.png in Resources */ = {isa = PBXBuildFile; fileRef = 6652DECF1FCEAC9800EB84F6 /* collect@3x.png */; };
		6652DED81FCEAF6100EB84F6 /* list@2x.png in Resources */ = {isa = PBXBuildFile; fileRef = 6652DED61FCEAF6000EB84F6 /* list@2x.png */; };
		6652DED91FCEAF6100EB84F6 /* list@3x.png in Resources */ = {isa = PBXBuildFile; fileRef = 6652DED71FCEAF6000EB84F6 /* list@3x.png */; };
		6652DEDC1FCEB7A800EB84F6 /* small@2x.png in Resources */ = {isa = PBXBuildFile; fileRef = 6652DEDA1FCEB7A700EB84F6 /* small@2x.png */; };
		6652DEDD1FCEB7A800EB84F6 /* small@3x.png in Resources */ = {isa = PBXBuildFile; fileRef = 6652DEDB1FCEB7A800EB84F6 /* small@3x.png */; };
		6652DEE01FCEB7DA00EB84F6 /* big@3x.png in Resources */ = {isa = PBXBuildFile; fileRef = 6652DEDE1FCEB7D900EB84F6 /* big@3x.png */; };
		6652DEE11FCEB7DA00EB84F6 /* big@2x.png in Resources */ = {isa = PBXBuildFile; fileRef = 6652DEDF1FCEB7DA00EB84F6 /* big@2x.png */; };
		6652DEE41FCECDA500EB84F6 /* list2@3x.png in Resources */ = {isa = PBXBuildFile; fileRef = 6652DEE21FCECDA400EB84F6 /* list2@3x.png */; };
		6652DEE51FCECDA500EB84F6 /* list2@2x.png in Resources */ = {isa = PBXBuildFile; fileRef = 6652DEE31FCECDA500EB84F6 /* list2@2x.png */; };
		66681CDA1FCC1501009A0F55 /* DetailContentView.swift in Sources */ = {isa = PBXBuildFile; fileRef = 66681CD91FCC1501009A0F55 /* DetailContentView.swift */; };
		66681CE11FCC1734009A0F55 /* DetailCommonViewCell.swift in Sources */ = {isa = PBXBuildFile; fileRef = 66681CDF1FCC1734009A0F55 /* DetailCommonViewCell.swift */; };
		66681CE21FCC1734009A0F55 /* DetailCommonViewCell.xib in Resources */ = {isa = PBXBuildFile; fileRef = 66681CE01FCC1734009A0F55 /* DetailCommonViewCell.xib */; };
		66681CE51FCC17E2009A0F55 /* DetailAppInfoViewCell.swift in Sources */ = {isa = PBXBuildFile; fileRef = 66681CE31FCC17E2009A0F55 /* DetailAppInfoViewCell.swift */; };
		66681CE61FCC17E2009A0F55 /* DetailAppInfoViewCell.xib in Resources */ = {isa = PBXBuildFile; fileRef = 66681CE41FCC17E2009A0F55 /* DetailAppInfoViewCell.xib */; };
		666E06AF1FCB94DF0043DCFF /* CommonInfoView.swift in Sources */ = {isa = PBXBuildFile; fileRef = 666E06AE1FCB94DF0043DCFF /* CommonInfoView.swift */; };
		666E06B41FCB9A880043DCFF /* MemoCell.swift in Sources */ = {isa = PBXBuildFile; fileRef = 666E06B21FCB9A880043DCFF /* MemoCell.swift */; };
		666E06B51FCB9A880043DCFF /* MemoCell.xib in Resources */ = {isa = PBXBuildFile; fileRef = 666E06B31FCB9A880043DCFF /* MemoCell.xib */; };
		666E06B71FCBAC290043DCFF /* WebViewController.swift in Sources */ = {isa = PBXBuildFile; fileRef = 666E06B61FCBAC290043DCFF /* WebViewController.swift */; };
		666E06BA1FCBB3740043DCFF /* right_arrow@3x.png in Resources */ = {isa = PBXBuildFile; fileRef = 666E06B81FCBB3740043DCFF /* right_arrow@3x.png */; };
		666E06BB1FCBB3740043DCFF /* right_arrow@2x.png in Resources */ = {isa = PBXBuildFile; fileRef = 666E06B91FCBB3740043DCFF /* right_arrow@2x.png */; };
		666E06BE1FCBB3880043DCFF /* left_arrow@2x.png in Resources */ = {isa = PBXBuildFile; fileRef = 666E06BC1FCBB3880043DCFF /* left_arrow@2x.png */; };
		666E06BF1FCBB3880043DCFF /* left_arrow@3x.png in Resources */ = {isa = PBXBuildFile; fileRef = 666E06BD1FCBB3880043DCFF /* left_arrow@3x.png */; };
		666E06C11FCBB5E90043DCFF /* WebPageToolbar.swift in Sources */ = {isa = PBXBuildFile; fileRef = 666E06C01FCBB5E90043DCFF /* WebPageToolbar.swift */; };
		666E06C31FCBC1E50043DCFF /* PassThroughIndicator.swift in Sources */ = {isa = PBXBuildFile; fileRef = 666E06C21FCBC1E50043DCFF /* PassThroughIndicator.swift */; };
		666E06C51FCBCB260043DCFF /* UITextView+Placeholder.swift in Sources */ = {isa = PBXBuildFile; fileRef = 666E06C41FCBCB260043DCFF /* UITextView+Placeholder.swift */; };
		666E06C71FCBDE9D0043DCFF /* StoreKit.framework in Frameworks */ = {isa = PBXBuildFile; fileRef = 666E06C61FCBDE920043DCFF /* StoreKit.framework */; };
		6676ED371FCD582200815BF8 /* DetailMemoViewCell.swift in Sources */ = {isa = PBXBuildFile; fileRef = 6676ED351FCD582100815BF8 /* DetailMemoViewCell.swift */; };
		6676ED381FCD582200815BF8 /* DetailMemoViewCell.xib in Resources */ = {isa = PBXBuildFile; fileRef = 6676ED361FCD582200815BF8 /* DetailMemoViewCell.xib */; };
		6676ED3A1FCD584200815BF8 /* LabelAppInfoView.swift in Sources */ = {isa = PBXBuildFile; fileRef = 6676ED391FCD584200815BF8 /* LabelAppInfoView.swift */; };
		6677FC221FCA691200CB105E /* FakeView.swift in Sources */ = {isa = PBXBuildFile; fileRef = 6677FC211FCA691200CB105E /* FakeView.swift */; };
		6677FC241FCA6CE400CB105E /* AppListViewController.swift in Sources */ = {isa = PBXBuildFile; fileRef = 6677FC231FCA6CE400CB105E /* AppListViewController.swift */; };
		6677FC261FCA7E0400CB105E /* VersionManager.swift in Sources */ = {isa = PBXBuildFile; fileRef = 6677FC251FCA7E0400CB105E /* VersionManager.swift */; };
		6677FC281FCA7F2000CB105E /* CreateLabelViewController.swift in Sources */ = {isa = PBXBuildFile; fileRef = 6677FC271FCA7F2000CB105E /* CreateLabelViewController.swift */; };
		6677FC2A1FCA882800CB105E /* ColorPicker.swift in Sources */ = {isa = PBXBuildFile; fileRef = 6677FC291FCA882800CB105E /* ColorPicker.swift */; };
		6677FC2F1FCAB72F00CB105E /* AppInfoCell.swift in Sources */ = {isa = PBXBuildFile; fileRef = 6677FC2D1FCAB72F00CB105E /* AppInfoCell.swift */; };
		6677FC301FCAB72F00CB105E /* AppInfoCell.xib in Resources */ = {isa = PBXBuildFile; fileRef = 6677FC2E1FCAB72F00CB105E /* AppInfoCell.xib */; };
		667ECE191FC36784009233DE /* AppDelegate.swift in Sources */ = {isa = PBXBuildFile; fileRef = 667ECE181FC36784009233DE /* AppDelegate.swift */; };
		667ECE1E1FC36784009233DE /* Main.storyboard in Resources */ = {isa = PBXBuildFile; fileRef = 667ECE1C1FC36784009233DE /* Main.storyboard */; };
		667ECE201FC36784009233DE /* Assets.xcassets in Resources */ = {isa = PBXBuildFile; fileRef = 667ECE1F1FC36784009233DE /* Assets.xcassets */; };
		667ECE231FC36784009233DE /* LaunchScreen.storyboard in Resources */ = {isa = PBXBuildFile; fileRef = 667ECE211FC36784009233DE /* LaunchScreen.storyboard */; };
		667ECE2E1FC36784009233DE /* AppAppTests.swift in Sources */ = {isa = PBXBuildFile; fileRef = 667ECE2D1FC36784009233DE /* AppAppTests.swift */; };
		667ECE391FC36784009233DE /* AppAppUITests.swift in Sources */ = {isa = PBXBuildFile; fileRef = 667ECE381FC36784009233DE /* AppAppUITests.swift */; };
		667ECE471FC36850009233DE /* BaseNavigationViewController.swift in Sources */ = {isa = PBXBuildFile; fileRef = 667ECE461FC36850009233DE /* BaseNavigationViewController.swift */; };
		667ECE491FC368BF009233DE /* BasePageViewController.swift in Sources */ = {isa = PBXBuildFile; fileRef = 667ECE481FC368BF009233DE /* BasePageViewController.swift */; };
		667ECE4B1FC3690E009233DE /* BaseViewController.swift in Sources */ = {isa = PBXBuildFile; fileRef = 667ECE4A1FC3690E009233DE /* BaseViewController.swift */; };
		667ECE4F1FC382B9009233DE /* Realm.framework in Frameworks */ = {isa = PBXBuildFile; fileRef = 667ECE4E1FC382B9009233DE /* Realm.framework */; };
		667ECE511FC382C7009233DE /* RealmSwift.framework in Frameworks */ = {isa = PBXBuildFile; fileRef = 667ECE501FC382C7009233DE /* RealmSwift.framework */; };
		667ECE571FC3836C009233DE /* AppLabel.swift in Sources */ = {isa = PBXBuildFile; fileRef = 667ECE561FC3836C009233DE /* AppLabel.swift */; };
		667ECE591FC388B9009233DE /* UIColor+AppColor.swift in Sources */ = {isa = PBXBuildFile; fileRef = 667ECE581FC388B9009233DE /* UIColor+AppColor.swift */; };
		667ECE5B1FC3958D009233DE /* SelectionBar.swift in Sources */ = {isa = PBXBuildFile; fileRef = 667ECE5A1FC3958D009233DE /* SelectionBar.swift */; };
		667ECE5F1FC395C2009233DE /* SelectionBarCell.swift in Sources */ = {isa = PBXBuildFile; fileRef = 667ECE5D1FC395C2009233DE /* SelectionBarCell.swift */; };
		667ECE601FC395C2009233DE /* SelectionBarCell.xib in Resources */ = {isa = PBXBuildFile; fileRef = 667ECE5E1FC395C2009233DE /* SelectionBarCell.xib */; };
		667ECE641FC3A7BD009233DE /* CreateAppLabelViewController.swift in Sources */ = {isa = PBXBuildFile; fileRef = 667ECE631FC3A7BD009233DE /* CreateAppLabelViewController.swift */; };
		667ECE661FC3ADCA009233DE /* CustomNavigationBar.swift in Sources */ = {isa = PBXBuildFile; fileRef = 667ECE651FC3ADCA009233DE /* CustomNavigationBar.swift */; };
		667ECE691FC3B454009233DE /* CreateAppLabelTableView.swift in Sources */ = {isa = PBXBuildFile; fileRef = 667ECE681FC3B454009233DE /* CreateAppLabelTableView.swift */; };
		667ECE6B1FC3CB79009233DE /* ColorPicker.swift in Sources */ = {isa = PBXBuildFile; fileRef = 667ECE6A1FC3CB79009233DE /* ColorPicker.swift */; };
		667ECE6D1FC41F7E009233DE /* AppCollectionView.swift in Sources */ = {isa = PBXBuildFile; fileRef = 667ECE6C1FC41F7E009233DE /* AppCollectionView.swift */; };
		667ECE711FC4206F009233DE /* AppCollectionViewCell.swift in Sources */ = {isa = PBXBuildFile; fileRef = 667ECE6F1FC4206F009233DE /* AppCollectionViewCell.swift */; };
		667ECE721FC4206F009233DE /* AppCollectionViewCell.xib in Resources */ = {isa = PBXBuildFile; fileRef = 667ECE701FC4206F009233DE /* AppCollectionViewCell.xib */; };
		66A3C3F91FCB66E7007EB295 /* AppInfoView.swift in Sources */ = {isa = PBXBuildFile; fileRef = 66A3C3F81FCB66E7007EB295 /* AppInfoView.swift */; };
		66AA1DF21FC543BA001C419E /* IconSizeChanger.swift in Sources */ = {isa = PBXBuildFile; fileRef = 66AA1DF11FC543BA001C419E /* IconSizeChanger.swift */; };
		66AA1DFA1FC56519001C419E /* ShareViewController.swift in Sources */ = {isa = PBXBuildFile; fileRef = 66AA1DF91FC56519001C419E /* ShareViewController.swift */; };
		66AA1DFD1FC56519001C419E /* MainInterface.storyboard in Resources */ = {isa = PBXBuildFile; fileRef = 66AA1DFB1FC56519001C419E /* MainInterface.storyboard */; };
		66AA1E011FC56519001C419E /* ShareFromAppStoreExtension.appex in Embed App Extensions */ = {isa = PBXBuildFile; fileRef = 66AA1DF71FC56519001C419E /* ShareFromAppStoreExtension.appex */; settings = {ATTRIBUTES = (RemoveHeadersOnCopy, ); }; };
		66AA1E091FC5900D001C419E /* LabelListTableViewController.swift in Sources */ = {isa = PBXBuildFile; fileRef = 66AA1E081FC5900D001C419E /* LabelListTableViewController.swift */; };
		66AA1E0B1FC5919E001C419E /* MemoViewController.swift in Sources */ = {isa = PBXBuildFile; fileRef = 66AA1E0A1FC5919E001C419E /* MemoViewController.swift */; };
		66DF587E1FC92D3F00CD71DC /* LabelOrderPickerView.swift in Sources */ = {isa = PBXBuildFile; fileRef = 66DF587D1FC92D3F00CD71DC /* LabelOrderPickerView.swift */; };
		66FD458C1FC96B2A0093BB83 /* LabelListViewController.swift in Sources */ = {isa = PBXBuildFile; fileRef = 66FD458B1FC96B2A0093BB83 /* LabelListViewController.swift */; };
/* End PBXBuildFile section */

/* Begin PBXContainerItemProxy section */
		667ECE2A1FC36784009233DE /* PBXContainerItemProxy */ = {
			isa = PBXContainerItemProxy;
			containerPortal = 667ECE0D1FC36784009233DE /* Project object */;
			proxyType = 1;
			remoteGlobalIDString = 667ECE141FC36784009233DE;
			remoteInfo = AppApp;
		};
		667ECE351FC36784009233DE /* PBXContainerItemProxy */ = {
			isa = PBXContainerItemProxy;
			containerPortal = 667ECE0D1FC36784009233DE /* Project object */;
			proxyType = 1;
			remoteGlobalIDString = 667ECE141FC36784009233DE;
			remoteInfo = AppApp;
		};
		66AA1DFF1FC56519001C419E /* PBXContainerItemProxy */ = {
			isa = PBXContainerItemProxy;
			containerPortal = 667ECE0D1FC36784009233DE /* Project object */;
			proxyType = 1;
			remoteGlobalIDString = 66AA1DF61FC56519001C419E;
			remoteInfo = ShareFromAppStoreExtension;
		};
/* End PBXContainerItemProxy section */

/* Begin PBXCopyFilesBuildPhase section */
		66AA1E051FC56519001C419E /* Embed App Extensions */ = {
			isa = PBXCopyFilesBuildPhase;
			buildActionMask = 2147483647;
			dstPath = "";
			dstSubfolderSpec = 13;
			files = (
				66AA1E011FC56519001C419E /* ShareFromAppStoreExtension.appex in Embed App Extensions */,
			);
			name = "Embed App Extensions";
			runOnlyForDeploymentPostprocessing = 0;
		};
/* End PBXCopyFilesBuildPhase section */

/* Begin PBXFileReference section */
		6606168A1FCD348100667020 /* DeleteAppView.swift */ = {isa = PBXFileReference; lastKnownFileType = sourcecode.swift; path = DeleteAppView.swift; sourceTree = "<group>"; };
		6606168C1FCD35AE00667020 /* DeleteViewCell.swift */ = {isa = PBXFileReference; lastKnownFileType = sourcecode.swift; path = DeleteViewCell.swift; sourceTree = "<group>"; };
		6606168D1FCD35AE00667020 /* DeleteViewCell.xib */ = {isa = PBXFileReference; lastKnownFileType = file.xib; path = DeleteViewCell.xib; sourceTree = "<group>"; };
		66498E231FC5A69B00239B47 /* ShareFromAppStoreExtension.entitlements */ = {isa = PBXFileReference; lastKnownFileType = text.plist.entitlements; path = ShareFromAppStoreExtension.entitlements; sourceTree = "<group>"; };
		66498E241FC5A6D700239B47 /* AppApp.entitlements */ = {isa = PBXFileReference; lastKnownFileType = text.plist.entitlements; path = AppApp.entitlements; sourceTree = "<group>"; };
		66498E271FC6651A00239B47 /* String+Path.swift */ = {isa = PBXFileReference; lastKnownFileType = sourcecode.swift; path = "String+Path.swift"; sourceTree = "<group>"; };
		66498E291FC666A400239B47 /* ShareAppLabel.swift */ = {isa = PBXFileReference; lastKnownFileType = sourcecode.swift; path = ShareAppLabel.swift; sourceTree = "<group>"; };
		66498E2B1FC67A6400239B47 /* AppData.swift */ = {isa = PBXFileReference; lastKnownFileType = sourcecode.swift; path = AppData.swift; sourceTree = "<group>"; };
		66498E2D1FC6B92C00239B47 /* ApplicationData.swift */ = {isa = PBXFileReference; lastKnownFileType = sourcecode.swift; path = ApplicationData.swift; sourceTree = "<group>"; };
		66498E2F1FC7A01D00239B47 /* DetailViewController.swift */ = {isa = PBXFileReference; lastKnownFileType = sourcecode.swift; path = DetailViewController.swift; sourceTree = "<group>"; };
		66498E311FC7B5AA00239B47 /* EditAppLabelViewController.swift */ = {isa = PBXFileReference; lastKnownFileType = sourcecode.swift; path = EditAppLabelViewController.swift; sourceTree = "<group>"; };
		66498E331FC7BA3600239B47 /* UIApplication+Stack.swift */ = {isa = PBXFileReference; lastKnownFileType = sourcecode.swift; path = "UIApplication+Stack.swift"; sourceTree = "<group>"; };
		66498E361FC8067100239B47 /* check.png */ = {isa = PBXFileReference; lastKnownFileType = image.png; path = check.png; sourceTree = "<group>"; };
		66498E381FC810BF00239B47 /* Array+FindIndex.swift */ = {isa = PBXFileReference; lastKnownFileType = sourcecode.swift; path = "Array+FindIndex.swift"; sourceTree = "<group>"; };
		66498E3A1FC82F9000239B47 /* EditToolbar.swift */ = {isa = PBXFileReference; lastKnownFileType = sourcecode.swift; path = EditToolbar.swift; sourceTree = "<group>"; };
		6652DECE1FCEAC9800EB84F6 /* collect@2x.png */ = {isa = PBXFileReference; lastKnownFileType = image.png; path = "collect@2x.png"; sourceTree = "<group>"; };
		6652DECF1FCEAC9800EB84F6 /* collect@3x.png */ = {isa = PBXFileReference; lastKnownFileType = image.png; path = "collect@3x.png"; sourceTree = "<group>"; };
		6652DED61FCEAF6000EB84F6 /* list@2x.png */ = {isa = PBXFileReference; lastKnownFileType = image.png; path = "list@2x.png"; sourceTree = "<group>"; };
		6652DED71FCEAF6000EB84F6 /* list@3x.png */ = {isa = PBXFileReference; lastKnownFileType = image.png; path = "list@3x.png"; sourceTree = "<group>"; };
		6652DEDA1FCEB7A700EB84F6 /* small@2x.png */ = {isa = PBXFileReference; lastKnownFileType = image.png; path = "small@2x.png"; sourceTree = "<group>"; };
		6652DEDB1FCEB7A800EB84F6 /* small@3x.png */ = {isa = PBXFileReference; lastKnownFileType = image.png; path = "small@3x.png"; sourceTree = "<group>"; };
		6652DEDE1FCEB7D900EB84F6 /* big@3x.png */ = {isa = PBXFileReference; lastKnownFileType = image.png; path = "big@3x.png"; sourceTree = "<group>"; };
		6652DEDF1FCEB7DA00EB84F6 /* big@2x.png */ = {isa = PBXFileReference; lastKnownFileType = image.png; path = "big@2x.png"; sourceTree = "<group>"; };
		6652DEE21FCECDA400EB84F6 /* list2@3x.png */ = {isa = PBXFileReference; lastKnownFileType = image.png; path = "list2@3x.png"; sourceTree = "<group>"; };
		6652DEE31FCECDA500EB84F6 /* list2@2x.png */ = {isa = PBXFileReference; lastKnownFileType = image.png; path = "list2@2x.png"; sourceTree = "<group>"; };
		66681CD91FCC1501009A0F55 /* DetailContentView.swift */ = {isa = PBXFileReference; lastKnownFileType = sourcecode.swift; path = DetailContentView.swift; sourceTree = "<group>"; };
		66681CDF1FCC1734009A0F55 /* DetailCommonViewCell.swift */ = {isa = PBXFileReference; lastKnownFileType = sourcecode.swift; path = DetailCommonViewCell.swift; sourceTree = "<group>"; };
		66681CE01FCC1734009A0F55 /* DetailCommonViewCell.xib */ = {isa = PBXFileReference; lastKnownFileType = file.xib; path = DetailCommonViewCell.xib; sourceTree = "<group>"; };
		66681CE31FCC17E2009A0F55 /* DetailAppInfoViewCell.swift */ = {isa = PBXFileReference; lastKnownFileType = sourcecode.swift; path = DetailAppInfoViewCell.swift; sourceTree = "<group>"; };
		66681CE41FCC17E2009A0F55 /* DetailAppInfoViewCell.xib */ = {isa = PBXFileReference; lastKnownFileType = file.xib; path = DetailAppInfoViewCell.xib; sourceTree = "<group>"; };
		666E06AE1FCB94DF0043DCFF /* CommonInfoView.swift */ = {isa = PBXFileReference; lastKnownFileType = sourcecode.swift; path = CommonInfoView.swift; sourceTree = "<group>"; };
		666E06B21FCB9A880043DCFF /* MemoCell.swift */ = {isa = PBXFileReference; lastKnownFileType = sourcecode.swift; path = MemoCell.swift; sourceTree = "<group>"; };
		666E06B31FCB9A880043DCFF /* MemoCell.xib */ = {isa = PBXFileReference; lastKnownFileType = file.xib; path = MemoCell.xib; sourceTree = "<group>"; };
		666E06B61FCBAC290043DCFF /* WebViewController.swift */ = {isa = PBXFileReference; lastKnownFileType = sourcecode.swift; path = WebViewController.swift; sourceTree = "<group>"; };
		666E06B81FCBB3740043DCFF /* right_arrow@3x.png */ = {isa = PBXFileReference; lastKnownFileType = image.png; path = "right_arrow@3x.png"; sourceTree = "<group>"; };
		666E06B91FCBB3740043DCFF /* right_arrow@2x.png */ = {isa = PBXFileReference; lastKnownFileType = image.png; path = "right_arrow@2x.png"; sourceTree = "<group>"; };
		666E06BC1FCBB3880043DCFF /* left_arrow@2x.png */ = {isa = PBXFileReference; lastKnownFileType = image.png; path = "left_arrow@2x.png"; sourceTree = "<group>"; };
		666E06BD1FCBB3880043DCFF /* left_arrow@3x.png */ = {isa = PBXFileReference; lastKnownFileType = image.png; path = "left_arrow@3x.png"; sourceTree = "<group>"; };
		666E06C01FCBB5E90043DCFF /* WebPageToolbar.swift */ = {isa = PBXFileReference; lastKnownFileType = sourcecode.swift; path = WebPageToolbar.swift; sourceTree = "<group>"; };
		666E06C21FCBC1E50043DCFF /* PassThroughIndicator.swift */ = {isa = PBXFileReference; lastKnownFileType = sourcecode.swift; path = PassThroughIndicator.swift; sourceTree = "<group>"; };
		666E06C41FCBCB260043DCFF /* UITextView+Placeholder.swift */ = {isa = PBXFileReference; lastKnownFileType = sourcecode.swift; path = "UITextView+Placeholder.swift"; sourceTree = "<group>"; };
		666E06C61FCBDE920043DCFF /* StoreKit.framework */ = {isa = PBXFileReference; lastKnownFileType = wrapper.framework; name = StoreKit.framework; path = System/Library/Frameworks/StoreKit.framework; sourceTree = SDKROOT; };
		6676ED351FCD582100815BF8 /* DetailMemoViewCell.swift */ = {isa = PBXFileReference; fileEncoding = 4; lastKnownFileType = sourcecode.swift; path = DetailMemoViewCell.swift; sourceTree = "<group>"; };
		6676ED361FCD582200815BF8 /* DetailMemoViewCell.xib */ = {isa = PBXFileReference; fileEncoding = 4; lastKnownFileType = file.xib; path = DetailMemoViewCell.xib; sourceTree = "<group>"; };
		6676ED391FCD584200815BF8 /* LabelAppInfoView.swift */ = {isa = PBXFileReference; fileEncoding = 4; lastKnownFileType = sourcecode.swift; path = LabelAppInfoView.swift; sourceTree = "<group>"; };
		6677FC211FCA691200CB105E /* FakeView.swift */ = {isa = PBXFileReference; lastKnownFileType = sourcecode.swift; name = FakeView.swift; path = AppApp/FakeView.swift; sourceTree = SOURCE_ROOT; };
		6677FC231FCA6CE400CB105E /* AppListViewController.swift */ = {isa = PBXFileReference; lastKnownFileType = sourcecode.swift; path = AppListViewController.swift; sourceTree = "<group>"; };
		6677FC251FCA7E0400CB105E /* VersionManager.swift */ = {isa = PBXFileReference; lastKnownFileType = sourcecode.swift; path = VersionManager.swift; sourceTree = "<group>"; };
		6677FC271FCA7F2000CB105E /* CreateLabelViewController.swift */ = {isa = PBXFileReference; lastKnownFileType = sourcecode.swift; path = CreateLabelViewController.swift; sourceTree = "<group>"; };
		6677FC291FCA882800CB105E /* ColorPicker.swift */ = {isa = PBXFileReference; lastKnownFileType = sourcecode.swift; path = ColorPicker.swift; sourceTree = "<group>"; };
		6677FC2D1FCAB72F00CB105E /* AppInfoCell.swift */ = {isa = PBXFileReference; lastKnownFileType = sourcecode.swift; path = AppInfoCell.swift; sourceTree = "<group>"; };
		6677FC2E1FCAB72F00CB105E /* AppInfoCell.xib */ = {isa = PBXFileReference; lastKnownFileType = file.xib; path = AppInfoCell.xib; sourceTree = "<group>"; };
		667ECE151FC36784009233DE /* AppApp.app */ = {isa = PBXFileReference; explicitFileType = wrapper.application; includeInIndex = 0; path = AppApp.app; sourceTree = BUILT_PRODUCTS_DIR; };
		667ECE181FC36784009233DE /* AppDelegate.swift */ = {isa = PBXFileReference; lastKnownFileType = sourcecode.swift; path = AppDelegate.swift; sourceTree = "<group>"; };
		667ECE1D1FC36784009233DE /* Base */ = {isa = PBXFileReference; lastKnownFileType = file.storyboard; name = Base; path = Base.lproj/Main.storyboard; sourceTree = "<group>"; };
		667ECE1F1FC36784009233DE /* Assets.xcassets */ = {isa = PBXFileReference; lastKnownFileType = folder.assetcatalog; path = Assets.xcassets; sourceTree = "<group>"; };
		667ECE221FC36784009233DE /* Base */ = {isa = PBXFileReference; lastKnownFileType = file.storyboard; name = Base; path = Base.lproj/LaunchScreen.storyboard; sourceTree = "<group>"; };
		667ECE241FC36784009233DE /* Info.plist */ = {isa = PBXFileReference; lastKnownFileType = text.plist.xml; path = Info.plist; sourceTree = "<group>"; };
		667ECE291FC36784009233DE /* AppAppTests.xctest */ = {isa = PBXFileReference; explicitFileType = wrapper.cfbundle; includeInIndex = 0; path = AppAppTests.xctest; sourceTree = BUILT_PRODUCTS_DIR; };
		667ECE2D1FC36784009233DE /* AppAppTests.swift */ = {isa = PBXFileReference; lastKnownFileType = sourcecode.swift; path = AppAppTests.swift; sourceTree = "<group>"; };
		667ECE2F1FC36784009233DE /* Info.plist */ = {isa = PBXFileReference; lastKnownFileType = text.plist.xml; path = Info.plist; sourceTree = "<group>"; };
		667ECE341FC36784009233DE /* AppAppUITests.xctest */ = {isa = PBXFileReference; explicitFileType = wrapper.cfbundle; includeInIndex = 0; path = AppAppUITests.xctest; sourceTree = BUILT_PRODUCTS_DIR; };
		667ECE381FC36784009233DE /* AppAppUITests.swift */ = {isa = PBXFileReference; lastKnownFileType = sourcecode.swift; path = AppAppUITests.swift; sourceTree = "<group>"; };
		667ECE3A1FC36784009233DE /* Info.plist */ = {isa = PBXFileReference; lastKnownFileType = text.plist.xml; path = Info.plist; sourceTree = "<group>"; };
		667ECE461FC36850009233DE /* BaseNavigationViewController.swift */ = {isa = PBXFileReference; lastKnownFileType = sourcecode.swift; path = BaseNavigationViewController.swift; sourceTree = "<group>"; };
		667ECE481FC368BF009233DE /* BasePageViewController.swift */ = {isa = PBXFileReference; lastKnownFileType = sourcecode.swift; path = BasePageViewController.swift; sourceTree = "<group>"; };
		667ECE4A1FC3690E009233DE /* BaseViewController.swift */ = {isa = PBXFileReference; lastKnownFileType = sourcecode.swift; path = BaseViewController.swift; sourceTree = "<group>"; };
		667ECE4E1FC382B9009233DE /* Realm.framework */ = {isa = PBXFileReference; lastKnownFileType = wrapper.framework; name = Realm.framework; path = Carthage/Build/iOS/Realm.framework; sourceTree = "<group>"; };
		667ECE501FC382C7009233DE /* RealmSwift.framework */ = {isa = PBXFileReference; lastKnownFileType = wrapper.framework; name = RealmSwift.framework; path = Carthage/Build/iOS/RealmSwift.framework; sourceTree = "<group>"; };
		667ECE561FC3836C009233DE /* AppLabel.swift */ = {isa = PBXFileReference; lastKnownFileType = sourcecode.swift; path = AppLabel.swift; sourceTree = "<group>"; };
		667ECE581FC388B9009233DE /* UIColor+AppColor.swift */ = {isa = PBXFileReference; lastKnownFileType = sourcecode.swift; path = "UIColor+AppColor.swift"; sourceTree = "<group>"; };
		667ECE5A1FC3958D009233DE /* SelectionBar.swift */ = {isa = PBXFileReference; lastKnownFileType = sourcecode.swift; path = SelectionBar.swift; sourceTree = "<group>"; };
		667ECE5D1FC395C2009233DE /* SelectionBarCell.swift */ = {isa = PBXFileReference; lastKnownFileType = sourcecode.swift; path = SelectionBarCell.swift; sourceTree = "<group>"; };
		667ECE5E1FC395C2009233DE /* SelectionBarCell.xib */ = {isa = PBXFileReference; lastKnownFileType = file.xib; path = SelectionBarCell.xib; sourceTree = "<group>"; };
		667ECE631FC3A7BD009233DE /* CreateAppLabelViewController.swift */ = {isa = PBXFileReference; lastKnownFileType = sourcecode.swift; path = CreateAppLabelViewController.swift; sourceTree = "<group>"; };
		667ECE651FC3ADCA009233DE /* CustomNavigationBar.swift */ = {isa = PBXFileReference; lastKnownFileType = sourcecode.swift; path = CustomNavigationBar.swift; sourceTree = "<group>"; };
		667ECE681FC3B454009233DE /* CreateAppLabelTableView.swift */ = {isa = PBXFileReference; lastKnownFileType = sourcecode.swift; path = CreateAppLabelTableView.swift; sourceTree = "<group>"; };
		667ECE6A1FC3CB79009233DE /* ColorPicker.swift */ = {isa = PBXFileReference; lastKnownFileType = sourcecode.swift; path = ColorPicker.swift; sourceTree = "<group>"; };
		667ECE6C1FC41F7E009233DE /* AppCollectionView.swift */ = {isa = PBXFileReference; lastKnownFileType = sourcecode.swift; path = AppCollectionView.swift; sourceTree = "<group>"; };
		667ECE6F1FC4206F009233DE /* AppCollectionViewCell.swift */ = {isa = PBXFileReference; lastKnownFileType = sourcecode.swift; path = AppCollectionViewCell.swift; sourceTree = "<group>"; };
		667ECE701FC4206F009233DE /* AppCollectionViewCell.xib */ = {isa = PBXFileReference; lastKnownFileType = file.xib; path = AppCollectionViewCell.xib; sourceTree = "<group>"; };
		66A3C3F81FCB66E7007EB295 /* AppInfoView.swift */ = {isa = PBXFileReference; lastKnownFileType = sourcecode.swift; path = AppInfoView.swift; sourceTree = "<group>"; };
		66AA1DF11FC543BA001C419E /* IconSizeChanger.swift */ = {isa = PBXFileReference; lastKnownFileType = sourcecode.swift; name = IconSizeChanger.swift; path = AppApp/MainView/ContentView/IconSizeChanger.swift; sourceTree = SOURCE_ROOT; };
		66AA1DF71FC56519001C419E /* ShareFromAppStoreExtension.appex */ = {isa = PBXFileReference; explicitFileType = "wrapper.app-extension"; includeInIndex = 0; path = ShareFromAppStoreExtension.appex; sourceTree = BUILT_PRODUCTS_DIR; };
		66AA1DF91FC56519001C419E /* ShareViewController.swift */ = {isa = PBXFileReference; lastKnownFileType = sourcecode.swift; path = ShareViewController.swift; sourceTree = "<group>"; };
		66AA1DFC1FC56519001C419E /* Base */ = {isa = PBXFileReference; lastKnownFileType = file.storyboard; name = Base; path = Base.lproj/MainInterface.storyboard; sourceTree = "<group>"; };
		66AA1DFE1FC56519001C419E /* Info.plist */ = {isa = PBXFileReference; lastKnownFileType = text.plist.xml; path = Info.plist; sourceTree = "<group>"; };
		66AA1E081FC5900D001C419E /* LabelListTableViewController.swift */ = {isa = PBXFileReference; lastKnownFileType = sourcecode.swift; path = LabelListTableViewController.swift; sourceTree = "<group>"; };
		66AA1E0A1FC5919E001C419E /* MemoViewController.swift */ = {isa = PBXFileReference; lastKnownFileType = sourcecode.swift; path = MemoViewController.swift; sourceTree = "<group>"; };
		66DF587D1FC92D3F00CD71DC /* LabelOrderPickerView.swift */ = {isa = PBXFileReference; lastKnownFileType = sourcecode.swift; path = LabelOrderPickerView.swift; sourceTree = "<group>"; };
		66FD458B1FC96B2A0093BB83 /* LabelListViewController.swift */ = {isa = PBXFileReference; lastKnownFileType = sourcecode.swift; path = LabelListViewController.swift; sourceTree = "<group>"; };
/* End PBXFileReference section */

/* Begin PBXFrameworksBuildPhase section */
		667ECE121FC36784009233DE /* Frameworks */ = {
			isa = PBXFrameworksBuildPhase;
			buildActionMask = 2147483647;
			files = (
				666E06C71FCBDE9D0043DCFF /* StoreKit.framework in Frameworks */,
				667ECE511FC382C7009233DE /* RealmSwift.framework in Frameworks */,
				667ECE4F1FC382B9009233DE /* Realm.framework in Frameworks */,
			);
			runOnlyForDeploymentPostprocessing = 0;
		};
		667ECE261FC36784009233DE /* Frameworks */ = {
			isa = PBXFrameworksBuildPhase;
			buildActionMask = 2147483647;
			files = (
			);
			runOnlyForDeploymentPostprocessing = 0;
		};
		667ECE311FC36784009233DE /* Frameworks */ = {
			isa = PBXFrameworksBuildPhase;
			buildActionMask = 2147483647;
			files = (
			);
			runOnlyForDeploymentPostprocessing = 0;
		};
		66AA1DF41FC56519001C419E /* Frameworks */ = {
			isa = PBXFrameworksBuildPhase;
			buildActionMask = 2147483647;
			files = (
			);
			runOnlyForDeploymentPostprocessing = 0;
		};
/* End PBXFrameworksBuildPhase section */

/* Begin PBXGroup section */
		66498E351FC8066000239B47 /* images */ = {
			isa = PBXGroup;
			children = (
				666E06B91FCBB3740043DCFF /* right_arrow@2x.png */,
				666E06BC1FCBB3880043DCFF /* left_arrow@2x.png */,
				6652DECE1FCEAC9800EB84F6 /* collect@2x.png */,
				6652DECF1FCEAC9800EB84F6 /* collect@3x.png */,
				6652DED61FCEAF6000EB84F6 /* list@2x.png */,
				6652DEDA1FCEB7A700EB84F6 /* small@2x.png */,
				6652DEDB1FCEB7A800EB84F6 /* small@3x.png */,
				6652DEE31FCECDA500EB84F6 /* list2@2x.png */,
				6652DEE21FCECDA400EB84F6 /* list2@3x.png */,
				6652DEDF1FCEB7DA00EB84F6 /* big@2x.png */,
				6652DEDE1FCEB7D900EB84F6 /* big@3x.png */,
				6652DED71FCEAF6000EB84F6 /* list@3x.png */,
				666E06BD1FCBB3880043DCFF /* left_arrow@3x.png */,
				666E06B81FCBB3740043DCFF /* right_arrow@3x.png */,
				66498E361FC8067100239B47 /* check.png */,
			);
			path = images;
			sourceTree = "<group>";
		};
		66681CD11FCC083A009A0F55 /* DetailView */ = {
			isa = PBXGroup;
			children = (
				66498E2F1FC7A01D00239B47 /* DetailViewController.swift */,
				66681CD21FCC085A009A0F55 /* ContentView */,
			);
			path = DetailView;
			sourceTree = "<group>";
		};
		66681CD21FCC085A009A0F55 /* ContentView */ = {
			isa = PBXGroup;
			children = (
				666E06B21FCB9A880043DCFF /* MemoCell.swift */,
				666E06B31FCB9A880043DCFF /* MemoCell.xib */,
				66681CD91FCC1501009A0F55 /* DetailContentView.swift */,
				66A3C3F81FCB66E7007EB295 /* AppInfoView.swift */,
				6676ED391FCD584200815BF8 /* LabelAppInfoView.swift */,
				666E06AE1FCB94DF0043DCFF /* CommonInfoView.swift */,
				6606168A1FCD348100667020 /* DeleteAppView.swift */,
				66681CE31FCC17E2009A0F55 /* DetailAppInfoViewCell.swift */,
				66681CE41FCC17E2009A0F55 /* DetailAppInfoViewCell.xib */,
				66681CDF1FCC1734009A0F55 /* DetailCommonViewCell.swift */,
				66681CE01FCC1734009A0F55 /* DetailCommonViewCell.xib */,
				6606168C1FCD35AE00667020 /* DeleteViewCell.swift */,
				6606168D1FCD35AE00667020 /* DeleteViewCell.xib */,
				6676ED351FCD582100815BF8 /* DetailMemoViewCell.swift */,
				6676ED361FCD582200815BF8 /* DetailMemoViewCell.xib */,
			);
			path = ContentView;
			sourceTree = "<group>";
		};
		66681CD31FCC088D009A0F55 /* MainView */ = {
			isa = PBXGroup;
			children = (
				667ECE461FC36850009233DE /* BaseNavigationViewController.swift */,
				667ECE481FC368BF009233DE /* BasePageViewController.swift */,
				667ECE4A1FC3690E009233DE /* BaseViewController.swift */,
				66681CD71FCC08F2009A0F55 /* ContentView */,
			);
			path = MainView;
			sourceTree = "<group>";
		};
		66681CD41FCC08A6009A0F55 /* Extension */ = {
			isa = PBXGroup;
			children = (
				66498E271FC6651A00239B47 /* String+Path.swift */,
				666E06C41FCBCB260043DCFF /* UITextView+Placeholder.swift */,
				66498E381FC810BF00239B47 /* Array+FindIndex.swift */,
				66498E331FC7BA3600239B47 /* UIApplication+Stack.swift */,
				667ECE581FC388B9009233DE /* UIColor+AppColor.swift */,
			);
			path = Extension;
			sourceTree = "<group>";
		};
		66681CD51FCC08C0009A0F55 /* WebView */ = {
			isa = PBXGroup;
			children = (
				666E06B61FCBAC290043DCFF /* WebViewController.swift */,
				666E06C21FCBC1E50043DCFF /* PassThroughIndicator.swift */,
				666E06C01FCBB5E90043DCFF /* WebPageToolbar.swift */,
			);
			path = WebView;
			sourceTree = "<group>";
		};
		66681CD61FCC08D2009A0F55 /* AppData */ = {
			isa = PBXGroup;
			children = (
				66498E2D1FC6B92C00239B47 /* ApplicationData.swift */,
				667ECE561FC3836C009233DE /* AppLabel.swift */,
			);
			path = AppData;
			sourceTree = "<group>";
		};
		66681CD71FCC08F2009A0F55 /* ContentView */ = {
			isa = PBXGroup;
			children = (
				66AA1DF11FC543BA001C419E /* IconSizeChanger.swift */,
				66498E3A1FC82F9000239B47 /* EditToolbar.swift */,
			);
			path = ContentView;
			sourceTree = "<group>";
		};
		66681CD81FCC0967009A0F55 /* LabelListView */ = {
			isa = PBXGroup;
			children = (
				66FD458B1FC96B2A0093BB83 /* LabelListViewController.swift */,
			);
			path = LabelListView;
			sourceTree = "<group>";
		};
		667ECE0C1FC36784009233DE = {
			isa = PBXGroup;
			children = (
				667ECE171FC36784009233DE /* AppApp */,
				667ECE2C1FC36784009233DE /* AppAppTests */,
				667ECE371FC36784009233DE /* AppAppUITests */,
				66AA1DF81FC56519001C419E /* ShareFromAppStoreExtension */,
				667ECE161FC36784009233DE /* Products */,
				667ECE4D1FC382B9009233DE /* Frameworks */,
			);
			sourceTree = "<group>";
		};
		667ECE161FC36784009233DE /* Products */ = {
			isa = PBXGroup;
			children = (
				667ECE151FC36784009233DE /* AppApp.app */,
				667ECE291FC36784009233DE /* AppAppTests.xctest */,
				667ECE341FC36784009233DE /* AppAppUITests.xctest */,
				66AA1DF71FC56519001C419E /* ShareFromAppStoreExtension.appex */,
			);
			name = Products;
			sourceTree = "<group>";
		};
		667ECE171FC36784009233DE /* AppApp */ = {
			isa = PBXGroup;
			children = (
				66498E241FC5A6D700239B47 /* AppApp.entitlements */,
				667ECE181FC36784009233DE /* AppDelegate.swift */,
				6677FC251FCA7E0400CB105E /* VersionManager.swift */,
				66681CD31FCC088D009A0F55 /* MainView */,
				66681CD11FCC083A009A0F55 /* DetailView */,
				66681CD51FCC08C0009A0F55 /* WebView */,
				66681CD41FCC08A6009A0F55 /* Extension */,
				66681CD61FCC08D2009A0F55 /* AppData */,
				66681CD81FCC0967009A0F55 /* LabelListView */,
				667ECE5C1FC39594009233DE /* SelectionBar */,
				667ECE671FC3AFC2009233DE /* CreateAppLabel */,
				667ECE6E1FC41F83009233DE /* AppCollectionView */,
				667ECE651FC3ADCA009233DE /* CustomNavigationBar.swift */,
				6677FC211FCA691200CB105E /* FakeView.swift */,
				667ECE1C1FC36784009233DE /* Main.storyboard */,
				66498E351FC8066000239B47 /* images */,
				667ECE1F1FC36784009233DE /* Assets.xcassets */,
				667ECE211FC36784009233DE /* LaunchScreen.storyboard */,
				667ECE241FC36784009233DE /* Info.plist */,
			);
			path = AppApp;
			sourceTree = "<group>";
		};
		667ECE2C1FC36784009233DE /* AppAppTests */ = {
			isa = PBXGroup;
			children = (
				667ECE2D1FC36784009233DE /* AppAppTests.swift */,
				667ECE2F1FC36784009233DE /* Info.plist */,
			);
			path = AppAppTests;
			sourceTree = "<group>";
		};
		667ECE371FC36784009233DE /* AppAppUITests */ = {
			isa = PBXGroup;
			children = (
				667ECE381FC36784009233DE /* AppAppUITests.swift */,
				667ECE3A1FC36784009233DE /* Info.plist */,
			);
			path = AppAppUITests;
			sourceTree = "<group>";
		};
		667ECE4D1FC382B9009233DE /* Frameworks */ = {
			isa = PBXGroup;
			children = (
				666E06C61FCBDE920043DCFF /* StoreKit.framework */,
				667ECE501FC382C7009233DE /* RealmSwift.framework */,
				667ECE4E1FC382B9009233DE /* Realm.framework */,
			);
			name = Frameworks;
			sourceTree = "<group>";
		};
		667ECE5C1FC39594009233DE /* SelectionBar */ = {
			isa = PBXGroup;
			children = (
				667ECE5A1FC3958D009233DE /* SelectionBar.swift */,
				667ECE5D1FC395C2009233DE /* SelectionBarCell.swift */,
				667ECE5E1FC395C2009233DE /* SelectionBarCell.xib */,
			);
			path = SelectionBar;
			sourceTree = "<group>";
		};
		667ECE671FC3AFC2009233DE /* CreateAppLabel */ = {
			isa = PBXGroup;
			children = (
				667ECE631FC3A7BD009233DE /* CreateAppLabelViewController.swift */,
				667ECE681FC3B454009233DE /* CreateAppLabelTableView.swift */,
				66498E311FC7B5AA00239B47 /* EditAppLabelViewController.swift */,
				6677FC231FCA6CE400CB105E /* AppListViewController.swift */,
				66DF587D1FC92D3F00CD71DC /* LabelOrderPickerView.swift */,
				667ECE6A1FC3CB79009233DE /* ColorPicker.swift */,
			);
			path = CreateAppLabel;
			sourceTree = "<group>";
		};
		667ECE6E1FC41F83009233DE /* AppCollectionView */ = {
			isa = PBXGroup;
			children = (
				667ECE6C1FC41F7E009233DE /* AppCollectionView.swift */,
				667ECE6F1FC4206F009233DE /* AppCollectionViewCell.swift */,
				6677FC2D1FCAB72F00CB105E /* AppInfoCell.swift */,
				6677FC2E1FCAB72F00CB105E /* AppInfoCell.xib */,
				667ECE701FC4206F009233DE /* AppCollectionViewCell.xib */,
			);
			path = AppCollectionView;
			sourceTree = "<group>";
		};
		66AA1DF81FC56519001C419E /* ShareFromAppStoreExtension */ = {
			isa = PBXGroup;
			children = (
				66498E231FC5A69B00239B47 /* ShareFromAppStoreExtension.entitlements */,
				66AA1DF91FC56519001C419E /* ShareViewController.swift */,
				66498E2B1FC67A6400239B47 /* AppData.swift */,
				66AA1E0A1FC5919E001C419E /* MemoViewController.swift */,
				66AA1E081FC5900D001C419E /* LabelListTableViewController.swift */,
				6677FC271FCA7F2000CB105E /* CreateLabelViewController.swift */,
				6677FC291FCA882800CB105E /* ColorPicker.swift */,
				66498E291FC666A400239B47 /* ShareAppLabel.swift */,
				66AA1DFB1FC56519001C419E /* MainInterface.storyboard */,
				66AA1DFE1FC56519001C419E /* Info.plist */,
			);
			path = ShareFromAppStoreExtension;
			sourceTree = "<group>";
		};
/* End PBXGroup section */

/* Begin PBXNativeTarget section */
		667ECE141FC36784009233DE /* AppApp */ = {
			isa = PBXNativeTarget;
			buildConfigurationList = 667ECE3D1FC36784009233DE /* Build configuration list for PBXNativeTarget "AppApp" */;
			buildPhases = (
				667ECE111FC36784009233DE /* Sources */,
				667ECE121FC36784009233DE /* Frameworks */,
				667ECE131FC36784009233DE /* Resources */,
				667ECE4C1FC3826D009233DE /* ShellScript */,
				66AA1E051FC56519001C419E /* Embed App Extensions */,
			);
			buildRules = (
			);
			dependencies = (
				66AA1E001FC56519001C419E /* PBXTargetDependency */,
			);
			name = AppApp;
			productName = AppApp;
			productReference = 667ECE151FC36784009233DE /* AppApp.app */;
			productType = "com.apple.product-type.application";
		};
		667ECE281FC36784009233DE /* AppAppTests */ = {
			isa = PBXNativeTarget;
			buildConfigurationList = 667ECE401FC36784009233DE /* Build configuration list for PBXNativeTarget "AppAppTests" */;
			buildPhases = (
				667ECE251FC36784009233DE /* Sources */,
				667ECE261FC36784009233DE /* Frameworks */,
				667ECE271FC36784009233DE /* Resources */,
			);
			buildRules = (
			);
			dependencies = (
				667ECE2B1FC36784009233DE /* PBXTargetDependency */,
			);
			name = AppAppTests;
			productName = AppAppTests;
			productReference = 667ECE291FC36784009233DE /* AppAppTests.xctest */;
			productType = "com.apple.product-type.bundle.unit-test";
		};
		667ECE331FC36784009233DE /* AppAppUITests */ = {
			isa = PBXNativeTarget;
			buildConfigurationList = 667ECE431FC36784009233DE /* Build configuration list for PBXNativeTarget "AppAppUITests" */;
			buildPhases = (
				667ECE301FC36784009233DE /* Sources */,
				667ECE311FC36784009233DE /* Frameworks */,
				667ECE321FC36784009233DE /* Resources */,
			);
			buildRules = (
			);
			dependencies = (
				667ECE361FC36784009233DE /* PBXTargetDependency */,
			);
			name = AppAppUITests;
			productName = AppAppUITests;
			productReference = 667ECE341FC36784009233DE /* AppAppUITests.xctest */;
			productType = "com.apple.product-type.bundle.ui-testing";
		};
		66AA1DF61FC56519001C419E /* ShareFromAppStoreExtension */ = {
			isa = PBXNativeTarget;
			buildConfigurationList = 66AA1E021FC56519001C419E /* Build configuration list for PBXNativeTarget "ShareFromAppStoreExtension" */;
			buildPhases = (
				66AA1DF31FC56519001C419E /* Sources */,
				66AA1DF41FC56519001C419E /* Frameworks */,
				66AA1DF51FC56519001C419E /* Resources */,
			);
			buildRules = (
			);
			dependencies = (
			);
			name = ShareFromAppStoreExtension;
			productName = ShareFromAppStoreExtension;
			productReference = 66AA1DF71FC56519001C419E /* ShareFromAppStoreExtension.appex */;
			productType = "com.apple.product-type.app-extension";
		};
/* End PBXNativeTarget section */

/* Begin PBXProject section */
		667ECE0D1FC36784009233DE /* Project object */ = {
			isa = PBXProject;
			attributes = {
				LastSwiftUpdateCheck = 0910;
				LastUpgradeCheck = 0910;
				ORGANIZATIONNAME = "Reona Kubo";
				TargetAttributes = {
					667ECE141FC36784009233DE = {
						CreatedOnToolsVersion = 9.1;
						ProvisioningStyle = Automatic;
						SystemCapabilities = {
							com.apple.ApplicationGroups.iOS = {
								enabled = 1;
							};
						};
					};
					667ECE281FC36784009233DE = {
						CreatedOnToolsVersion = 9.1;
						ProvisioningStyle = Automatic;
						TestTargetID = 667ECE141FC36784009233DE;
					};
					667ECE331FC36784009233DE = {
						CreatedOnToolsVersion = 9.1;
						ProvisioningStyle = Automatic;
						TestTargetID = 667ECE141FC36784009233DE;
					};
					66AA1DF61FC56519001C419E = {
						CreatedOnToolsVersion = 9.1;
						ProvisioningStyle = Automatic;
						SystemCapabilities = {
							com.apple.ApplicationGroups.iOS = {
								enabled = 1;
							};
						};
					};
				};
			};
			buildConfigurationList = 667ECE101FC36784009233DE /* Build configuration list for PBXProject "AppApp" */;
			compatibilityVersion = "Xcode 8.0";
			developmentRegion = en;
			hasScannedForEncodings = 0;
			knownRegions = (
				en,
				Base,
			);
			mainGroup = 667ECE0C1FC36784009233DE;
			productRefGroup = 667ECE161FC36784009233DE /* Products */;
			projectDirPath = "";
			projectRoot = "";
			targets = (
				667ECE141FC36784009233DE /* AppApp */,
				667ECE281FC36784009233DE /* AppAppTests */,
				667ECE331FC36784009233DE /* AppAppUITests */,
				66AA1DF61FC56519001C419E /* ShareFromAppStoreExtension */,
			);
		};
/* End PBXProject section */

/* Begin PBXResourcesBuildPhase section */
		667ECE131FC36784009233DE /* Resources */ = {
			isa = PBXResourcesBuildPhase;
			buildActionMask = 2147483647;
			files = (
				6652DEDC1FCEB7A800EB84F6 /* small@2x.png in Resources */,
				6652DEE11FCEB7DA00EB84F6 /* big@2x.png in Resources */,
				6606168F1FCD35AE00667020 /* DeleteViewCell.xib in Resources */,
				666E06BA1FCBB3740043DCFF /* right_arrow@3x.png in Resources */,
				666E06BB1FCBB3740043DCFF /* right_arrow@2x.png in Resources */,
				66681CE61FCC17E2009A0F55 /* DetailAppInfoViewCell.xib in Resources */,
				6652DED01FCEAC9800EB84F6 /* collect@2x.png in Resources */,
				6652DEE51FCECDA500EB84F6 /* list2@2x.png in Resources */,
				66498E371FC8067100239B47 /* check.png in Resources */,
				6652DEDD1FCEB7A800EB84F6 /* small@3x.png in Resources */,
				6652DED11FCEAC9800EB84F6 /* collect@3x.png in Resources */,
				666E06BE1FCBB3880043DCFF /* left_arrow@2x.png in Resources */,
				667ECE601FC395C2009233DE /* SelectionBarCell.xib in Resources */,
				6652DEE01FCEB7DA00EB84F6 /* big@3x.png in Resources */,
				6652DED91FCEAF6100EB84F6 /* list@3x.png in Resources */,
				667ECE231FC36784009233DE /* LaunchScreen.storyboard in Resources */,
				6652DEE41FCECDA500EB84F6 /* list2@3x.png in Resources */,
				6676ED381FCD582200815BF8 /* DetailMemoViewCell.xib in Resources */,
				666E06B51FCB9A880043DCFF /* MemoCell.xib in Resources */,
				667ECE201FC36784009233DE /* Assets.xcassets in Resources */,
				666E06BF1FCBB3880043DCFF /* left_arrow@3x.png in Resources */,
				6677FC301FCAB72F00CB105E /* AppInfoCell.xib in Resources */,
				667ECE1E1FC36784009233DE /* Main.storyboard in Resources */,
				6652DED81FCEAF6100EB84F6 /* list@2x.png in Resources */,
				66681CE21FCC1734009A0F55 /* DetailCommonViewCell.xib in Resources */,
				667ECE721FC4206F009233DE /* AppCollectionViewCell.xib in Resources */,
			);
			runOnlyForDeploymentPostprocessing = 0;
		};
		667ECE271FC36784009233DE /* Resources */ = {
			isa = PBXResourcesBuildPhase;
			buildActionMask = 2147483647;
			files = (
			);
			runOnlyForDeploymentPostprocessing = 0;
		};
		667ECE321FC36784009233DE /* Resources */ = {
			isa = PBXResourcesBuildPhase;
			buildActionMask = 2147483647;
			files = (
			);
			runOnlyForDeploymentPostprocessing = 0;
		};
		66AA1DF51FC56519001C419E /* Resources */ = {
			isa = PBXResourcesBuildPhase;
			buildActionMask = 2147483647;
			files = (
				66AA1DFD1FC56519001C419E /* MainInterface.storyboard in Resources */,
			);
			runOnlyForDeploymentPostprocessing = 0;
		};
/* End PBXResourcesBuildPhase section */

/* Begin PBXShellScriptBuildPhase section */
		667ECE4C1FC3826D009233DE /* ShellScript */ = {
			isa = PBXShellScriptBuildPhase;
			buildActionMask = 2147483647;
			files = (
			);
			inputPaths = (
				"$(SRCROOT)/Carthage/Build/iOS/Realm.framework",
				"$(SRCROOT)/Carthage/Build/iOS/RealmSwift.framework",
			);
			outputPaths = (
			);
			runOnlyForDeploymentPostprocessing = 0;
			shellPath = /bin/sh;
			shellScript = "/usr/local/bin/carthage copy-frameworks\n";
		};
/* End PBXShellScriptBuildPhase section */

/* Begin PBXSourcesBuildPhase section */
		667ECE111FC36784009233DE /* Sources */ = {
			isa = PBXSourcesBuildPhase;
			buildActionMask = 2147483647;
			files = (
				66AA1DF21FC543BA001C419E /* IconSizeChanger.swift in Sources */,
				6676ED3A1FCD584200815BF8 /* LabelAppInfoView.swift in Sources */,
				666E06B71FCBAC290043DCFF /* WebViewController.swift in Sources */,
				667ECE661FC3ADCA009233DE /* CustomNavigationBar.swift in Sources */,
				66681CDA1FCC1501009A0F55 /* DetailContentView.swift in Sources */,
				66DF587E1FC92D3F00CD71DC /* LabelOrderPickerView.swift in Sources */,
				666E06AF1FCB94DF0043DCFF /* CommonInfoView.swift in Sources */,
				667ECE571FC3836C009233DE /* AppLabel.swift in Sources */,
				667ECE4B1FC3690E009233DE /* BaseViewController.swift in Sources */,
				667ECE471FC36850009233DE /* BaseNavigationViewController.swift in Sources */,
				6606168E1FCD35AE00667020 /* DeleteViewCell.swift in Sources */,
				6677FC241FCA6CE400CB105E /* AppListViewController.swift in Sources */,
				667ECE641FC3A7BD009233DE /* CreateAppLabelViewController.swift in Sources */,
				667ECE6B1FC3CB79009233DE /* ColorPicker.swift in Sources */,
				66498E341FC7BA3600239B47 /* UIApplication+Stack.swift in Sources */,
				667ECE591FC388B9009233DE /* UIColor+AppColor.swift in Sources */,
				66681CE11FCC1734009A0F55 /* DetailCommonViewCell.swift in Sources */,
				66498E3B1FC82F9000239B47 /* EditToolbar.swift in Sources */,
				66498E321FC7B5AA00239B47 /* EditAppLabelViewController.swift in Sources */,
				6677FC221FCA691200CB105E /* FakeView.swift in Sources */,
				66498E391FC810BF00239B47 /* Array+FindIndex.swift in Sources */,
				667ECE5F1FC395C2009233DE /* SelectionBarCell.swift in Sources */,
				666E06C31FCBC1E50043DCFF /* PassThroughIndicator.swift in Sources */,
				6677FC261FCA7E0400CB105E /* VersionManager.swift in Sources */,
				6677FC2F1FCAB72F00CB105E /* AppInfoCell.swift in Sources */,
				66681CE51FCC17E2009A0F55 /* DetailAppInfoViewCell.swift in Sources */,
				666E06C11FCBB5E90043DCFF /* WebPageToolbar.swift in Sources */,
				66498E301FC7A01D00239B47 /* DetailViewController.swift in Sources */,
				6606168B1FCD348100667020 /* DeleteAppView.swift in Sources */,
				667ECE691FC3B454009233DE /* CreateAppLabelTableView.swift in Sources */,
				667ECE491FC368BF009233DE /* BasePageViewController.swift in Sources */,
				6676ED371FCD582200815BF8 /* DetailMemoViewCell.swift in Sources */,
				666E06B41FCB9A880043DCFF /* MemoCell.swift in Sources */,
				66498E281FC6651A00239B47 /* String+Path.swift in Sources */,
				66498E2E1FC6B92C00239B47 /* ApplicationData.swift in Sources */,
				66FD458C1FC96B2A0093BB83 /* LabelListViewController.swift in Sources */,
				667ECE711FC4206F009233DE /* AppCollectionViewCell.swift in Sources */,
				667ECE191FC36784009233DE /* AppDelegate.swift in Sources */,
				667ECE6D1FC41F7E009233DE /* AppCollectionView.swift in Sources */,
				667ECE5B1FC3958D009233DE /* SelectionBar.swift in Sources */,
				66A3C3F91FCB66E7007EB295 /* AppInfoView.swift in Sources */,
				666E06C51FCBCB260043DCFF /* UITextView+Placeholder.swift in Sources */,
			);
			runOnlyForDeploymentPostprocessing = 0;
		};
		667ECE251FC36784009233DE /* Sources */ = {
			isa = PBXSourcesBuildPhase;
			buildActionMask = 2147483647;
			files = (
				667ECE2E1FC36784009233DE /* AppAppTests.swift in Sources */,
			);
			runOnlyForDeploymentPostprocessing = 0;
		};
		667ECE301FC36784009233DE /* Sources */ = {
			isa = PBXSourcesBuildPhase;
			buildActionMask = 2147483647;
			files = (
				667ECE391FC36784009233DE /* AppAppUITests.swift in Sources */,
			);
			runOnlyForDeploymentPostprocessing = 0;
		};
		66AA1DF31FC56519001C419E /* Sources */ = {
			isa = PBXSourcesBuildPhase;
			buildActionMask = 2147483647;
			files = (
				66AA1E091FC5900D001C419E /* LabelListTableViewController.swift in Sources */,
				66AA1DFA1FC56519001C419E /* ShareViewController.swift in Sources */,
				6677FC2A1FCA882800CB105E /* ColorPicker.swift in Sources */,
				66498E2A1FC666A400239B47 /* ShareAppLabel.swift in Sources */,
				6677FC281FCA7F2000CB105E /* CreateLabelViewController.swift in Sources */,
				66AA1E0B1FC5919E001C419E /* MemoViewController.swift in Sources */,
				66498E2C1FC67A6400239B47 /* AppData.swift in Sources */,
			);
			runOnlyForDeploymentPostprocessing = 0;
		};
/* End PBXSourcesBuildPhase section */

/* Begin PBXTargetDependency section */
		667ECE2B1FC36784009233DE /* PBXTargetDependency */ = {
			isa = PBXTargetDependency;
			target = 667ECE141FC36784009233DE /* AppApp */;
			targetProxy = 667ECE2A1FC36784009233DE /* PBXContainerItemProxy */;
		};
		667ECE361FC36784009233DE /* PBXTargetDependency */ = {
			isa = PBXTargetDependency;
			target = 667ECE141FC36784009233DE /* AppApp */;
			targetProxy = 667ECE351FC36784009233DE /* PBXContainerItemProxy */;
		};
		66AA1E001FC56519001C419E /* PBXTargetDependency */ = {
			isa = PBXTargetDependency;
			target = 66AA1DF61FC56519001C419E /* ShareFromAppStoreExtension */;
			targetProxy = 66AA1DFF1FC56519001C419E /* PBXContainerItemProxy */;
		};
/* End PBXTargetDependency section */

/* Begin PBXVariantGroup section */
		667ECE1C1FC36784009233DE /* Main.storyboard */ = {
			isa = PBXVariantGroup;
			children = (
				667ECE1D1FC36784009233DE /* Base */,
			);
			name = Main.storyboard;
			sourceTree = "<group>";
		};
		667ECE211FC36784009233DE /* LaunchScreen.storyboard */ = {
			isa = PBXVariantGroup;
			children = (
				667ECE221FC36784009233DE /* Base */,
			);
			name = LaunchScreen.storyboard;
			sourceTree = "<group>";
		};
		66AA1DFB1FC56519001C419E /* MainInterface.storyboard */ = {
			isa = PBXVariantGroup;
			children = (
				66AA1DFC1FC56519001C419E /* Base */,
			);
			name = MainInterface.storyboard;
			sourceTree = "<group>";
		};
/* End PBXVariantGroup section */

/* Begin XCBuildConfiguration section */
		667ECE3B1FC36784009233DE /* Debug */ = {
			isa = XCBuildConfiguration;
			buildSettings = {
				ALWAYS_SEARCH_USER_PATHS = NO;
				CLANG_ANALYZER_NONNULL = YES;
				CLANG_ANALYZER_NUMBER_OBJECT_CONVERSION = YES_AGGRESSIVE;
				CLANG_CXX_LANGUAGE_STANDARD = "gnu++14";
				CLANG_CXX_LIBRARY = "libc++";
				CLANG_ENABLE_MODULES = YES;
				CLANG_ENABLE_OBJC_ARC = YES;
				CLANG_WARN_BLOCK_CAPTURE_AUTORELEASING = YES;
				CLANG_WARN_BOOL_CONVERSION = YES;
				CLANG_WARN_COMMA = YES;
				CLANG_WARN_CONSTANT_CONVERSION = YES;
				CLANG_WARN_DIRECT_OBJC_ISA_USAGE = YES_ERROR;
				CLANG_WARN_DOCUMENTATION_COMMENTS = YES;
				CLANG_WARN_EMPTY_BODY = YES;
				CLANG_WARN_ENUM_CONVERSION = YES;
				CLANG_WARN_INFINITE_RECURSION = YES;
				CLANG_WARN_INT_CONVERSION = YES;
				CLANG_WARN_NON_LITERAL_NULL_CONVERSION = YES;
				CLANG_WARN_OBJC_LITERAL_CONVERSION = YES;
				CLANG_WARN_OBJC_ROOT_CLASS = YES_ERROR;
				CLANG_WARN_RANGE_LOOP_ANALYSIS = YES;
				CLANG_WARN_STRICT_PROTOTYPES = YES;
				CLANG_WARN_SUSPICIOUS_MOVE = YES;
				CLANG_WARN_UNGUARDED_AVAILABILITY = YES_AGGRESSIVE;
				CLANG_WARN_UNREACHABLE_CODE = YES;
				CLANG_WARN__DUPLICATE_METHOD_MATCH = YES;
				CODE_SIGN_IDENTITY = "iPhone Developer";
				COPY_PHASE_STRIP = NO;
				DEBUG_INFORMATION_FORMAT = dwarf;
				ENABLE_STRICT_OBJC_MSGSEND = YES;
				ENABLE_TESTABILITY = YES;
				GCC_C_LANGUAGE_STANDARD = gnu11;
				GCC_DYNAMIC_NO_PIC = NO;
				GCC_NO_COMMON_BLOCKS = YES;
				GCC_OPTIMIZATION_LEVEL = 0;
				GCC_PREPROCESSOR_DEFINITIONS = (
					"DEBUG=1",
					"$(inherited)",
				);
				GCC_WARN_64_TO_32_BIT_CONVERSION = YES;
				GCC_WARN_ABOUT_RETURN_TYPE = YES_ERROR;
				GCC_WARN_UNDECLARED_SELECTOR = YES;
				GCC_WARN_UNINITIALIZED_AUTOS = YES_AGGRESSIVE;
				GCC_WARN_UNUSED_FUNCTION = YES;
				GCC_WARN_UNUSED_VARIABLE = YES;
				IPHONEOS_DEPLOYMENT_TARGET = 11.1;
				MTL_ENABLE_DEBUG_INFO = YES;
				ONLY_ACTIVE_ARCH = YES;
				SDKROOT = iphoneos;
				SWIFT_ACTIVE_COMPILATION_CONDITIONS = DEBUG;
				SWIFT_OPTIMIZATION_LEVEL = "-Onone";
			};
			name = Debug;
		};
		667ECE3C1FC36784009233DE /* Release */ = {
			isa = XCBuildConfiguration;
			buildSettings = {
				ALWAYS_SEARCH_USER_PATHS = NO;
				CLANG_ANALYZER_NONNULL = YES;
				CLANG_ANALYZER_NUMBER_OBJECT_CONVERSION = YES_AGGRESSIVE;
				CLANG_CXX_LANGUAGE_STANDARD = "gnu++14";
				CLANG_CXX_LIBRARY = "libc++";
				CLANG_ENABLE_MODULES = YES;
				CLANG_ENABLE_OBJC_ARC = YES;
				CLANG_WARN_BLOCK_CAPTURE_AUTORELEASING = YES;
				CLANG_WARN_BOOL_CONVERSION = YES;
				CLANG_WARN_COMMA = YES;
				CLANG_WARN_CONSTANT_CONVERSION = YES;
				CLANG_WARN_DIRECT_OBJC_ISA_USAGE = YES_ERROR;
				CLANG_WARN_DOCUMENTATION_COMMENTS = YES;
				CLANG_WARN_EMPTY_BODY = YES;
				CLANG_WARN_ENUM_CONVERSION = YES;
				CLANG_WARN_INFINITE_RECURSION = YES;
				CLANG_WARN_INT_CONVERSION = YES;
				CLANG_WARN_NON_LITERAL_NULL_CONVERSION = YES;
				CLANG_WARN_OBJC_LITERAL_CONVERSION = YES;
				CLANG_WARN_OBJC_ROOT_CLASS = YES_ERROR;
				CLANG_WARN_RANGE_LOOP_ANALYSIS = YES;
				CLANG_WARN_STRICT_PROTOTYPES = YES;
				CLANG_WARN_SUSPICIOUS_MOVE = YES;
				CLANG_WARN_UNGUARDED_AVAILABILITY = YES_AGGRESSIVE;
				CLANG_WARN_UNREACHABLE_CODE = YES;
				CLANG_WARN__DUPLICATE_METHOD_MATCH = YES;
				CODE_SIGN_IDENTITY = "iPhone Developer";
				COPY_PHASE_STRIP = NO;
				DEBUG_INFORMATION_FORMAT = "dwarf-with-dsym";
				ENABLE_NS_ASSERTIONS = NO;
				ENABLE_STRICT_OBJC_MSGSEND = YES;
				GCC_C_LANGUAGE_STANDARD = gnu11;
				GCC_NO_COMMON_BLOCKS = YES;
				GCC_WARN_64_TO_32_BIT_CONVERSION = YES;
				GCC_WARN_ABOUT_RETURN_TYPE = YES_ERROR;
				GCC_WARN_UNDECLARED_SELECTOR = YES;
				GCC_WARN_UNINITIALIZED_AUTOS = YES_AGGRESSIVE;
				GCC_WARN_UNUSED_FUNCTION = YES;
				GCC_WARN_UNUSED_VARIABLE = YES;
				IPHONEOS_DEPLOYMENT_TARGET = 11.1;
				MTL_ENABLE_DEBUG_INFO = NO;
				SDKROOT = iphoneos;
				SWIFT_OPTIMIZATION_LEVEL = "-Owholemodule";
				VALIDATE_PRODUCT = YES;
			};
			name = Release;
		};
		667ECE3E1FC36784009233DE /* Debug */ = {
			isa = XCBuildConfiguration;
			buildSettings = {
				ALWAYS_EMBED_SWIFT_STANDARD_LIBRARIES = YES;
				ASSETCATALOG_COMPILER_APPICON_NAME = AppIcon;
				CODE_SIGN_ENTITLEMENTS = AppApp/AppApp.entitlements;
				CODE_SIGN_STYLE = Automatic;
				DEVELOPMENT_TEAM = Q2UN54KG3Y;
				FRAMEWORK_SEARCH_PATHS = (
					"$(inherited)",
					"$(PROJECT_DIR)/Carthage/Build/iOS",
				);
				INFOPLIST_FILE = AppApp/Info.plist;
				IPHONEOS_DEPLOYMENT_TARGET = 9.0;
				LD_RUNPATH_SEARCH_PATHS = "$(inherited) @executable_path/Frameworks";
				PRODUCT_BUNDLE_IDENTIFIER = xyz.uruly.AppApp;
				PRODUCT_NAME = "$(TARGET_NAME)";
				SWIFT_VERSION = 4.0;
				TARGETED_DEVICE_FAMILY = "1,2";
			};
			name = Debug;
		};
		667ECE3F1FC36784009233DE /* Release */ = {
			isa = XCBuildConfiguration;
			buildSettings = {
				ALWAYS_EMBED_SWIFT_STANDARD_LIBRARIES = YES;
				ASSETCATALOG_COMPILER_APPICON_NAME = AppIcon;
				CODE_SIGN_ENTITLEMENTS = AppApp/AppApp.entitlements;
				CODE_SIGN_STYLE = Automatic;
				DEVELOPMENT_TEAM = Q2UN54KG3Y;
				FRAMEWORK_SEARCH_PATHS = (
					"$(inherited)",
					"$(PROJECT_DIR)/Carthage/Build/iOS",
				);
				INFOPLIST_FILE = AppApp/Info.plist;
				IPHONEOS_DEPLOYMENT_TARGET = 9.0;
				LD_RUNPATH_SEARCH_PATHS = "$(inherited) @executable_path/Frameworks";
				PRODUCT_BUNDLE_IDENTIFIER = xyz.uruly.AppApp;
				PRODUCT_NAME = "$(TARGET_NAME)";
				SWIFT_VERSION = 4.0;
				TARGETED_DEVICE_FAMILY = "1,2";
			};
			name = Release;
		};
		667ECE411FC36784009233DE /* Debug */ = {
			isa = XCBuildConfiguration;
			buildSettings = {
				ALWAYS_EMBED_SWIFT_STANDARD_LIBRARIES = YES;
				BUNDLE_LOADER = "$(TEST_HOST)";
				CODE_SIGN_STYLE = Automatic;
				DEVELOPMENT_TEAM = Q2UN54KG3Y;
				INFOPLIST_FILE = AppAppTests/Info.plist;
				LD_RUNPATH_SEARCH_PATHS = "$(inherited) @executable_path/Frameworks @loader_path/Frameworks";
				PRODUCT_BUNDLE_IDENTIFIER = xyz.uruly.AppAppTests;
				PRODUCT_NAME = "$(TARGET_NAME)";
				SWIFT_VERSION = 4.0;
				TARGETED_DEVICE_FAMILY = "1,2";
				TEST_HOST = "$(BUILT_PRODUCTS_DIR)/AppApp.app/AppApp";
			};
			name = Debug;
		};
		667ECE421FC36784009233DE /* Release */ = {
			isa = XCBuildConfiguration;
			buildSettings = {
				ALWAYS_EMBED_SWIFT_STANDARD_LIBRARIES = YES;
				BUNDLE_LOADER = "$(TEST_HOST)";
				CODE_SIGN_STYLE = Automatic;
				DEVELOPMENT_TEAM = Q2UN54KG3Y;
				INFOPLIST_FILE = AppAppTests/Info.plist;
				LD_RUNPATH_SEARCH_PATHS = "$(inherited) @executable_path/Frameworks @loader_path/Frameworks";
				PRODUCT_BUNDLE_IDENTIFIER = xyz.uruly.AppAppTests;
				PRODUCT_NAME = "$(TARGET_NAME)";
				SWIFT_VERSION = 4.0;
				TARGETED_DEVICE_FAMILY = "1,2";
				TEST_HOST = "$(BUILT_PRODUCTS_DIR)/AppApp.app/AppApp";
			};
			name = Release;
		};
		667ECE441FC36784009233DE /* Debug */ = {
			isa = XCBuildConfiguration;
			buildSettings = {
				ALWAYS_EMBED_SWIFT_STANDARD_LIBRARIES = YES;
				CODE_SIGN_STYLE = Automatic;
				DEVELOPMENT_TEAM = Q2UN54KG3Y;
				INFOPLIST_FILE = AppAppUITests/Info.plist;
				LD_RUNPATH_SEARCH_PATHS = "$(inherited) @executable_path/Frameworks @loader_path/Frameworks";
				PRODUCT_BUNDLE_IDENTIFIER = xyz.uruly.AppAppUITests;
				PRODUCT_NAME = "$(TARGET_NAME)";
				SWIFT_VERSION = 4.0;
				TARGETED_DEVICE_FAMILY = "1,2";
				TEST_TARGET_NAME = AppApp;
			};
			name = Debug;
		};
		667ECE451FC36784009233DE /* Release */ = {
			isa = XCBuildConfiguration;
			buildSettings = {
				ALWAYS_EMBED_SWIFT_STANDARD_LIBRARIES = YES;
				CODE_SIGN_STYLE = Automatic;
				DEVELOPMENT_TEAM = Q2UN54KG3Y;
				INFOPLIST_FILE = AppAppUITests/Info.plist;
				LD_RUNPATH_SEARCH_PATHS = "$(inherited) @executable_path/Frameworks @loader_path/Frameworks";
				PRODUCT_BUNDLE_IDENTIFIER = xyz.uruly.AppAppUITests;
				PRODUCT_NAME = "$(TARGET_NAME)";
				SWIFT_VERSION = 4.0;
				TARGETED_DEVICE_FAMILY = "1,2";
				TEST_TARGET_NAME = AppApp;
			};
			name = Release;
		};
		66AA1E031FC56519001C419E /* Debug */ = {
			isa = XCBuildConfiguration;
			buildSettings = {
				CODE_SIGN_ENTITLEMENTS = ShareFromAppStoreExtension/ShareFromAppStoreExtension.entitlements;
				CODE_SIGN_STYLE = Automatic;
				DEVELOPMENT_TEAM = Q2UN54KG3Y;
				FRAMEWORK_SEARCH_PATHS = (
					"$(inherited)",
					"$(PROJECT_DIR)/Carthage/Build/iOS",
				);
				INFOPLIST_FILE = ShareFromAppStoreExtension/Info.plist;
				LD_RUNPATH_SEARCH_PATHS = "$(inherited) @executable_path/Frameworks @executable_path/../../Frameworks";
				PRODUCT_BUNDLE_IDENTIFIER = xyz.uruly.AppApp.ShareFromAppStoreExtension;
				PRODUCT_NAME = "$(TARGET_NAME)";
				SKIP_INSTALL = YES;
				SWIFT_VERSION = 4.0;
				TARGETED_DEVICE_FAMILY = "1,2";
			};
			name = Debug;
		};
		66AA1E041FC56519001C419E /* Release */ = {
			isa = XCBuildConfiguration;
			buildSettings = {
				CODE_SIGN_ENTITLEMENTS = ShareFromAppStoreExtension/ShareFromAppStoreExtension.entitlements;
				CODE_SIGN_STYLE = Automatic;
				DEVELOPMENT_TEAM = Q2UN54KG3Y;
				FRAMEWORK_SEARCH_PATHS = (
					"$(inherited)",
					"$(PROJECT_DIR)/Carthage/Build/iOS",
				);
				INFOPLIST_FILE = ShareFromAppStoreExtension/Info.plist;
				LD_RUNPATH_SEARCH_PATHS = "$(inherited) @executable_path/Frameworks @executable_path/../../Frameworks";
				PRODUCT_BUNDLE_IDENTIFIER = xyz.uruly.AppApp.ShareFromAppStoreExtension;
				PRODUCT_NAME = "$(TARGET_NAME)";
				SKIP_INSTALL = YES;
				SWIFT_VERSION = 4.0;
				TARGETED_DEVICE_FAMILY = "1,2";
			};
			name = Release;
		};
/* End XCBuildConfiguration section */

/* Begin XCConfigurationList section */
		667ECE101FC36784009233DE /* Build configuration list for PBXProject "AppApp" */ = {
			isa = XCConfigurationList;
			buildConfigurations = (
				667ECE3B1FC36784009233DE /* Debug */,
				667ECE3C1FC36784009233DE /* Release */,
			);
			defaultConfigurationIsVisible = 0;
			defaultConfigurationName = Release;
		};
		667ECE3D1FC36784009233DE /* Build configuration list for PBXNativeTarget "AppApp" */ = {
			isa = XCConfigurationList;
			buildConfigurations = (
				667ECE3E1FC36784009233DE /* Debug */,
				667ECE3F1FC36784009233DE /* Release */,
			);
			defaultConfigurationIsVisible = 0;
			defaultConfigurationName = Release;
		};
		667ECE401FC36784009233DE /* Build configuration list for PBXNativeTarget "AppAppTests" */ = {
			isa = XCConfigurationList;
			buildConfigurations = (
				667ECE411FC36784009233DE /* Debug */,
				667ECE421FC36784009233DE /* Release */,
			);
			defaultConfigurationIsVisible = 0;
			defaultConfigurationName = Release;
		};
		667ECE431FC36784009233DE /* Build configuration list for PBXNativeTarget "AppAppUITests" */ = {
			isa = XCConfigurationList;
			buildConfigurations = (
				667ECE441FC36784009233DE /* Debug */,
				667ECE451FC36784009233DE /* Release */,
			);
			defaultConfigurationIsVisible = 0;
			defaultConfigurationName = Release;
		};
		66AA1E021FC56519001C419E /* Build configuration list for PBXNativeTarget "ShareFromAppStoreExtension" */ = {
			isa = XCConfigurationList;
			buildConfigurations = (
				66AA1E031FC56519001C419E /* Debug */,
				66AA1E041FC56519001C419E /* Release */,
			);
			defaultConfigurationIsVisible = 0;
			defaultConfigurationName = Release;
		};
/* End XCConfigurationList section */
	};
	rootObject = 667ECE0D1FC36784009233DE /* Project object */;
}
