// !$*UTF8*$!
{
	archiveVersion = 1;
	classes = {
	};
	objectVersion = 54;
	objects = {

/* Begin PBXBuildFile section */
		624D2F142B75E683007AE22A /* Realm in Frameworks */ = {isa = PBXBuildFile; productRef = 624D2F132B75E683007AE22A /* Realm */; };
		624D2F162B75E683007AE22A /* RealmSwift in Frameworks */ = {isa = PBXBuildFile; productRef = 624D2F152B75E683007AE22A /* RealmSwift */; };
		624D2F182B75E6B9007AE22A /* Realm in Frameworks */ = {isa = PBXBuildFile; productRef = 624D2F172B75E6B9007AE22A /* Realm */; };
		624D2F1A2B75E6B9007AE22A /* RealmSwift in Frameworks */ = {isa = PBXBuildFile; productRef = 624D2F192B75E6B9007AE22A /* RealmSwift */; };
		624D2F2E2B75EA2A007AE22A /* AppRequest.swift in Sources */ = {isa = PBXBuildFile; fileRef = 667C841A24D2C659002F5B22 /* AppRequest.swift */; };
		624D2F3E2B75EBDF007AE22A /* AppRequest.swift in Sources */ = {isa = PBXBuildFile; fileRef = 667C841A24D2C659002F5B22 /* AppRequest.swift */; };
		624D2F522B75EFE1007AE22A /* RswiftLibrary in Frameworks */ = {isa = PBXBuildFile; productRef = 624D2F512B75EFE1007AE22A /* RswiftLibrary */; };
		624D2F542B75EFE6007AE22A /* RswiftLibrary in Frameworks */ = {isa = PBXBuildFile; productRef = 624D2F532B75EFE6007AE22A /* RswiftLibrary */; };
		660B066C24D04AF2003100EE /* HomeViewController.swift in Sources */ = {isa = PBXBuildFile; fileRef = 660B066A24D04AF2003100EE /* HomeViewController.swift */; };
		660B066D24D04AF2003100EE /* HomeViewController.xib in Resources */ = {isa = PBXBuildFile; fileRef = 660B066B24D04AF2003100EE /* HomeViewController.xib */; };
		660B067324D04F66003100EE /* PageViewController.swift in Sources */ = {isa = PBXBuildFile; fileRef = 660B067124D04F66003100EE /* PageViewController.swift */; };
		660B067424D04F66003100EE /* PageViewController.xib in Resources */ = {isa = PBXBuildFile; fileRef = 660B067224D04F66003100EE /* PageViewController.xib */; };
		660B067724D04FA3003100EE /* LabelCollectionViewController.swift in Sources */ = {isa = PBXBuildFile; fileRef = 660B067524D04FA3003100EE /* LabelCollectionViewController.swift */; };
		660B067824D04FA3003100EE /* LabelCollectionViewController.xib in Resources */ = {isa = PBXBuildFile; fileRef = 660B067624D04FA3003100EE /* LabelCollectionViewController.xib */; };
		660B067C24D050E5003100EE /* LabelCollectionViewCell.swift in Sources */ = {isa = PBXBuildFile; fileRef = 660B067A24D050E5003100EE /* LabelCollectionViewCell.swift */; };
		660B067D24D050E5003100EE /* LabelCollectionViewCell.xib in Resources */ = {isa = PBXBuildFile; fileRef = 660B067B24D050E5003100EE /* LabelCollectionViewCell.xib */; };
		660B067F24D05155003100EE /* UIColor+TextColor.swift in Sources */ = {isa = PBXBuildFile; fileRef = 660B067E24D05155003100EE /* UIColor+TextColor.swift */; };
		660B068524D05202003100EE /* SnapKit in Frameworks */ = {isa = PBXBuildFile; productRef = 660B068424D05202003100EE /* SnapKit */; };
		660B068824D0541B003100EE /* AppsViewController.swift in Sources */ = {isa = PBXBuildFile; fileRef = 660B068624D0541B003100EE /* AppsViewController.swift */; };
		660B068924D0541B003100EE /* AppsViewController.xib in Resources */ = {isa = PBXBuildFile; fileRef = 660B068724D0541B003100EE /* AppsViewController.xib */; };
		660B068B24D07EA2003100EE /* App.swift in Sources */ = {isa = PBXBuildFile; fileRef = 66E54DCE2413A5E000069082 /* App.swift */; };
		660B068C24D07EA5003100EE /* Label.swift in Sources */ = {isa = PBXBuildFile; fileRef = 66E54DCC2413A59600069082 /* Label.swift */; };
		660B068D24D07F69003100EE /* DatabaseManager.swift in Sources */ = {isa = PBXBuildFile; fileRef = 662AAF4F24139FB300283AF2 /* DatabaseManager.swift */; };
		660B57771FCFDB1000DBC823 /* colorData.json in Resources */ = {isa = PBXBuildFile; fileRef = 660B57761FCFDB1000DBC823 /* colorData.json */; };
		660B57BD1FD12A9B00DBC823 /* help.json in Resources */ = {isa = PBXBuildFile; fileRef = 660B57BC1FD12A9A00DBC823 /* help.json */; };
		660D7A8F2409229E00DEC2C8 /* Settings.bundle in Resources */ = {isa = PBXBuildFile; fileRef = 660D7A8E2409229E00DEC2C8 /* Settings.bundle */; };
		6616499524D7E9CF00EE123B /* LabelSettingViewController.xib in Resources */ = {isa = PBXBuildFile; fileRef = 6616499324D7E9CE00EE123B /* LabelSettingViewController.xib */; };
		6616499624D7E9CF00EE123B /* LabelSettingViewController.swift in Sources */ = {isa = PBXBuildFile; fileRef = 6616499424D7E9CE00EE123B /* LabelSettingViewController.swift */; };
		6616499824D7EF3600EE123B /* UIColor+Random.swift in Sources */ = {isa = PBXBuildFile; fileRef = 6616499724D7EF3600EE123B /* UIColor+Random.swift */; };
		661649AD24D7F1FB00EE123B /* LabelSettingTextFieldTableViewCell.swift in Sources */ = {isa = PBXBuildFile; fileRef = 661649A724D7F1FB00EE123B /* LabelSettingTextFieldTableViewCell.swift */; };
		661649AE24D7F1FB00EE123B /* LabelSettingColorTableViewCell.swift in Sources */ = {isa = PBXBuildFile; fileRef = 661649A824D7F1FB00EE123B /* LabelSettingColorTableViewCell.swift */; };
		661649B024D7F1FB00EE123B /* LabelSettingColorTableViewCell.xib in Resources */ = {isa = PBXBuildFile; fileRef = 661649AA24D7F1FB00EE123B /* LabelSettingColorTableViewCell.xib */; };
		661649B224D7F1FB00EE123B /* LabelSettingTextFieldTableViewCell.xib in Resources */ = {isa = PBXBuildFile; fileRef = 661649AC24D7F1FB00EE123B /* LabelSettingTextFieldTableViewCell.xib */; };
		661649B524D7F30D00EE123B /* CloseableTextField.swift in Sources */ = {isa = PBXBuildFile; fileRef = 661649B424D7F30D00EE123B /* CloseableTextField.swift */; };
		661649B924D7F5A800EE123B /* ColorPickerViewController.swift in Sources */ = {isa = PBXBuildFile; fileRef = 661649B724D7F5A800EE123B /* ColorPickerViewController.swift */; };
		661649BA24D7F5A800EE123B /* ColorPickerViewController.xib in Resources */ = {isa = PBXBuildFile; fileRef = 661649B824D7F5A800EE123B /* ColorPickerViewController.xib */; };
		661649BC24D7F9B500EE123B /* Color.swift in Sources */ = {isa = PBXBuildFile; fileRef = 661649BB24D7F9B500EE123B /* Color.swift */; };
		661649BE24D7FFDD00EE123B /* UIColor+RGB.swift in Sources */ = {isa = PBXBuildFile; fileRef = 661649BD24D7FFDD00EE123B /* UIColor+RGB.swift */; };
		6625396324D813A4006B2767 /* UICollectionView+BatchUpdates.swift in Sources */ = {isa = PBXBuildFile; fileRef = 6625396224D813A4006B2767 /* UICollectionView+BatchUpdates.swift */; };
		6625396624D81904006B2767 /* LabelSettingAdditionalTableViewCell.swift in Sources */ = {isa = PBXBuildFile; fileRef = 6625396424D81904006B2767 /* LabelSettingAdditionalTableViewCell.swift */; };
		6625396724D81904006B2767 /* LabelSettingAdditionalTableViewCell.xib in Resources */ = {isa = PBXBuildFile; fileRef = 6625396524D81904006B2767 /* LabelSettingAdditionalTableViewCell.xib */; };
		6625396A24D81BF4006B2767 /* AppListViewController.swift in Sources */ = {isa = PBXBuildFile; fileRef = 6625396824D81BF4006B2767 /* AppListViewController.swift */; };
		6625396B24D81BF4006B2767 /* AppListViewController.xib in Resources */ = {isa = PBXBuildFile; fileRef = 6625396924D81BF4006B2767 /* AppListViewController.xib */; };
		6625396F24D81D0D006B2767 /* AppListTableViewCell.swift in Sources */ = {isa = PBXBuildFile; fileRef = 6625396D24D81D0D006B2767 /* AppListTableViewCell.swift */; };
		6625397024D81D0D006B2767 /* AppListTableViewCell.xib in Resources */ = {isa = PBXBuildFile; fileRef = 6625396E24D81D0D006B2767 /* AppListTableViewCell.xib */; };
		6625397424D82E81006B2767 /* AppDetailViewController.swift in Sources */ = {isa = PBXBuildFile; fileRef = 6625397224D82E81006B2767 /* AppDetailViewController.swift */; };
		6625397524D82E81006B2767 /* AppDetailViewController.xib in Resources */ = {isa = PBXBuildFile; fileRef = 6625397324D82E81006B2767 /* AppDetailViewController.xib */; };
		6625397D24D832F9006B2767 /* AppInformationViewController.swift in Sources */ = {isa = PBXBuildFile; fileRef = 6625397B24D832F9006B2767 /* AppInformationViewController.swift */; };
		6625397E24D832F9006B2767 /* AppInformationViewController.xib in Resources */ = {isa = PBXBuildFile; fileRef = 6625397C24D832F9006B2767 /* AppInformationViewController.xib */; };
		6625398224D833C0006B2767 /* AppInformationTableViewCell.swift in Sources */ = {isa = PBXBuildFile; fileRef = 6625398024D833C0006B2767 /* AppInformationTableViewCell.swift */; };
		6625398324D833C0006B2767 /* AppInformationTableViewCell.xib in Resources */ = {isa = PBXBuildFile; fileRef = 6625398124D833C0006B2767 /* AppInformationTableViewCell.xib */; };
		662751B524D9161B00BFE78F /* ColorSetCollectionViewCell.xib in Resources */ = {isa = PBXBuildFile; fileRef = 662751B324D9161A00BFE78F /* ColorSetCollectionViewCell.xib */; };
		662751B624D9161B00BFE78F /* ColorSetCollectionViewCell.swift in Sources */ = {isa = PBXBuildFile; fileRef = 662751B424D9161A00BFE78F /* ColorSetCollectionViewCell.swift */; };
		662751BE24D9168B00BFE78F /* AppInfoListCollectionViewCell.swift in Sources */ = {isa = PBXBuildFile; fileRef = 662751BC24D9168A00BFE78F /* AppInfoListCollectionViewCell.swift */; };
		662751BF24D9168B00BFE78F /* AppInfoListCollectionViewCell.xib in Resources */ = {isa = PBXBuildFile; fileRef = 662751BD24D9168A00BFE78F /* AppInfoListCollectionViewCell.xib */; };
		662751C224D916B100BFE78F /* ToolbarMode.swift in Sources */ = {isa = PBXBuildFile; fileRef = 662751C124D916B100BFE78F /* ToolbarMode.swift */; };
		662AAF5024139FB300283AF2 /* DatabaseManager.swift in Sources */ = {isa = PBXBuildFile; fileRef = 662AAF4F24139FB300283AF2 /* DatabaseManager.swift */; };
		6662E14520024B1700FB30C7 /* backgroundImage.json in Resources */ = {isa = PBXBuildFile; fileRef = 6662E14420024B1700FB30C7 /* backgroundImage.json */; };
		66686B712405019F005A22A3 /* Constants.swift in Sources */ = {isa = PBXBuildFile; fileRef = 66686B702405019F005A22A3 /* Constants.swift */; };
		66686B7324052B37005A22A3 /* Constants.swift in Sources */ = {isa = PBXBuildFile; fileRef = 66686B702405019F005A22A3 /* Constants.swift */; };
		666E06B71FCBAC290043DCFF /* WebViewController.swift in Sources */ = {isa = PBXBuildFile; fileRef = 666E06B61FCBAC290043DCFF /* WebViewController.swift */; };
		666E06C11FCBB5E90043DCFF /* WebPageToolbar.swift in Sources */ = {isa = PBXBuildFile; fileRef = 666E06C01FCBB5E90043DCFF /* WebPageToolbar.swift */; };
		666E06C31FCBC1E50043DCFF /* PassThroughIndicator.swift in Sources */ = {isa = PBXBuildFile; fileRef = 666E06C21FCBC1E50043DCFF /* PassThroughIndicator.swift */; };
		666E06C51FCBCB260043DCFF /* UITextView+Placeholder.swift in Sources */ = {isa = PBXBuildFile; fileRef = 666E06C41FCBCB260043DCFF /* UITextView+Placeholder.swift */; };
		6677FC261FCA7E0400CB105E /* VersionManager.swift in Sources */ = {isa = PBXBuildFile; fileRef = 6677FC251FCA7E0400CB105E /* VersionManager.swift */; };
		6677FC281FCA7F2000CB105E /* CreateLabelViewController.swift in Sources */ = {isa = PBXBuildFile; fileRef = 6677FC271FCA7F2000CB105E /* CreateLabelViewController.swift */; };
		6677FC2A1FCA882800CB105E /* ColorPicker.swift in Sources */ = {isa = PBXBuildFile; fileRef = 6677FC291FCA882800CB105E /* ColorPicker.swift */; };
		667C842524D2F3D1002F5B22 /* BottomModalViewController.swift in Sources */ = {isa = PBXBuildFile; fileRef = 667C842324D2F3D1002F5B22 /* BottomModalViewController.swift */; };
		667C842624D2F3D1002F5B22 /* BottomModalViewController.xib in Resources */ = {isa = PBXBuildFile; fileRef = 667C842424D2F3D1002F5B22 /* BottomModalViewController.xib */; };
		667ECE191FC36784009233DE /* AppDelegate.swift in Sources */ = {isa = PBXBuildFile; fileRef = 667ECE181FC36784009233DE /* AppDelegate.swift */; };
		667ECE201FC36784009233DE /* Assets.xcassets in Resources */ = {isa = PBXBuildFile; fileRef = 667ECE1F1FC36784009233DE /* Assets.xcassets */; };
		667ECE231FC36784009233DE /* LaunchScreen.storyboard in Resources */ = {isa = PBXBuildFile; fileRef = 667ECE211FC36784009233DE /* LaunchScreen.storyboard */; };
		667ECE2E1FC36784009233DE /* AppAppTests.swift in Sources */ = {isa = PBXBuildFile; fileRef = 667ECE2D1FC36784009233DE /* AppAppTests.swift */; };
		667ECE391FC36784009233DE /* AppAppUITests.swift in Sources */ = {isa = PBXBuildFile; fileRef = 667ECE381FC36784009233DE /* AppAppUITests.swift */; };
		667ECE711FC4206F009233DE /* AppListCollectionViewCell.swift in Sources */ = {isa = PBXBuildFile; fileRef = 667ECE6F1FC4206F009233DE /* AppListCollectionViewCell.swift */; };
		667ECE721FC4206F009233DE /* AppListCollectionViewCell.xib in Resources */ = {isa = PBXBuildFile; fileRef = 667ECE701FC4206F009233DE /* AppListCollectionViewCell.xib */; };
		66AA1DFA1FC56519001C419E /* ShareViewController.swift in Sources */ = {isa = PBXBuildFile; fileRef = 66AA1DF91FC56519001C419E /* ShareViewController.swift */; };
		66AA1DFD1FC56519001C419E /* MainInterface.storyboard in Resources */ = {isa = PBXBuildFile; fileRef = 66AA1DFB1FC56519001C419E /* MainInterface.storyboard */; };
		66AA1E011FC56519001C419E /* ShareFromAppStoreExtension.appex in Embed Foundation Extensions */ = {isa = PBXBuildFile; fileRef = 66AA1DF71FC56519001C419E /* ShareFromAppStoreExtension.appex */; settings = {ATTRIBUTES = (RemoveHeadersOnCopy, ); }; };
		66AA1E091FC5900D001C419E /* LabelListTableViewController.swift in Sources */ = {isa = PBXBuildFile; fileRef = 66AA1E081FC5900D001C419E /* LabelListTableViewController.swift */; };
		66E54DCD2413A59600069082 /* Label.swift in Sources */ = {isa = PBXBuildFile; fileRef = 66E54DCC2413A59600069082 /* Label.swift */; };
		66E54DCF2413A5E000069082 /* App.swift in Sources */ = {isa = PBXBuildFile; fileRef = 66E54DCE2413A5E000069082 /* App.swift */; };
/* End PBXBuildFile section */

/* Begin PBXContainerItemProxy section */
		667ECE2A1FC36784009233DE /* PBXContainerItemProxy */ = {
			isa = PBXContainerItemProxy;
			containerPortal = 667ECE0D1FC36784009233DE /* Project object */;
			proxyType = 1;
			remoteGlobalIDString = 667ECE141FC36784009233DE;
			remoteInfo = AppApp;
		};
		667ECE351FC36784009233DE /* PBXContainerItemProxy */ = {
			isa = PBXContainerItemProxy;
			containerPortal = 667ECE0D1FC36784009233DE /* Project object */;
			proxyType = 1;
			remoteGlobalIDString = 667ECE141FC36784009233DE;
			remoteInfo = AppApp;
		};
		66AA1DFF1FC56519001C419E /* PBXContainerItemProxy */ = {
			isa = PBXContainerItemProxy;
			containerPortal = 667ECE0D1FC36784009233DE /* Project object */;
			proxyType = 1;
			remoteGlobalIDString = 66AA1DF61FC56519001C419E;
			remoteInfo = ShareFromAppStoreExtension;
		};
/* End PBXContainerItemProxy section */

/* Begin PBXCopyFilesBuildPhase section */
		66AA1E051FC56519001C419E /* Embed Foundation Extensions */ = {
			isa = PBXCopyFilesBuildPhase;
			buildActionMask = 2147483647;
			dstPath = "";
			dstSubfolderSpec = 13;
			files = (
				66AA1E011FC56519001C419E /* ShareFromAppStoreExtension.appex in Embed Foundation Extensions */,
			);
			name = "Embed Foundation Extensions";
			runOnlyForDeploymentPostprocessing = 0;
		};
/* End PBXCopyFilesBuildPhase section */

/* Begin PBXFileReference section */
		660B066A24D04AF2003100EE /* HomeViewController.swift */ = {isa = PBXFileReference; lastKnownFileType = sourcecode.swift; path = HomeViewController.swift; sourceTree = "<group>"; };
		660B066B24D04AF2003100EE /* HomeViewController.xib */ = {isa = PBXFileReference; lastKnownFileType = file.xib; path = HomeViewController.xib; sourceTree = "<group>"; };
		660B067124D04F66003100EE /* PageViewController.swift */ = {isa = PBXFileReference; lastKnownFileType = sourcecode.swift; path = PageViewController.swift; sourceTree = "<group>"; };
		660B067224D04F66003100EE /* PageViewController.xib */ = {isa = PBXFileReference; lastKnownFileType = file.xib; path = PageViewController.xib; sourceTree = "<group>"; };
		660B067524D04FA3003100EE /* LabelCollectionViewController.swift */ = {isa = PBXFileReference; lastKnownFileType = sourcecode.swift; path = LabelCollectionViewController.swift; sourceTree = "<group>"; };
		660B067624D04FA3003100EE /* LabelCollectionViewController.xib */ = {isa = PBXFileReference; lastKnownFileType = file.xib; path = LabelCollectionViewController.xib; sourceTree = "<group>"; };
		660B067A24D050E5003100EE /* LabelCollectionViewCell.swift */ = {isa = PBXFileReference; lastKnownFileType = sourcecode.swift; path = LabelCollectionViewCell.swift; sourceTree = "<group>"; };
		660B067B24D050E5003100EE /* LabelCollectionViewCell.xib */ = {isa = PBXFileReference; lastKnownFileType = file.xib; path = LabelCollectionViewCell.xib; sourceTree = "<group>"; };
		660B067E24D05155003100EE /* UIColor+TextColor.swift */ = {isa = PBXFileReference; lastKnownFileType = sourcecode.swift; path = "UIColor+TextColor.swift"; sourceTree = "<group>"; };
		660B068624D0541B003100EE /* AppsViewController.swift */ = {isa = PBXFileReference; lastKnownFileType = sourcecode.swift; path = AppsViewController.swift; sourceTree = "<group>"; };
		660B068724D0541B003100EE /* AppsViewController.xib */ = {isa = PBXFileReference; lastKnownFileType = file.xib; path = AppsViewController.xib; sourceTree = "<group>"; };
		660B57761FCFDB1000DBC823 /* colorData.json */ = {isa = PBXFileReference; fileEncoding = 4; lastKnownFileType = text.json; path = colorData.json; sourceTree = "<group>"; };
		660B57BC1FD12A9A00DBC823 /* help.json */ = {isa = PBXFileReference; fileEncoding = 4; lastKnownFileType = text.json; path = help.json; sourceTree = "<group>"; };
		660B57E21FD19E7500DBC823 /* ja */ = {isa = PBXFileReference; lastKnownFileType = text.plist.strings; name = ja; path = ja.lproj/LaunchScreen.strings; sourceTree = "<group>"; };
		660B57E31FD19E7600DBC823 /* ja */ = {isa = PBXFileReference; lastKnownFileType = text.plist.strings; name = ja; path = ja.lproj/MainInterface.strings; sourceTree = "<group>"; };
		660D7A8E2409229E00DEC2C8 /* Settings.bundle */ = {isa = PBXFileReference; lastKnownFileType = "wrapper.plug-in"; path = Settings.bundle; sourceTree = "<group>"; };
		6616499324D7E9CE00EE123B /* LabelSettingViewController.xib */ = {isa = PBXFileReference; fileEncoding = 4; lastKnownFileType = file.xib; path = LabelSettingViewController.xib; sourceTree = "<group>"; };
		6616499424D7E9CE00EE123B /* LabelSettingViewController.swift */ = {isa = PBXFileReference; fileEncoding = 4; lastKnownFileType = sourcecode.swift; path = LabelSettingViewController.swift; sourceTree = "<group>"; };
		6616499724D7EF3600EE123B /* UIColor+Random.swift */ = {isa = PBXFileReference; lastKnownFileType = sourcecode.swift; path = "UIColor+Random.swift"; sourceTree = "<group>"; };
		661649A724D7F1FB00EE123B /* LabelSettingTextFieldTableViewCell.swift */ = {isa = PBXFileReference; fileEncoding = 4; lastKnownFileType = sourcecode.swift; path = LabelSettingTextFieldTableViewCell.swift; sourceTree = "<group>"; };
		661649A824D7F1FB00EE123B /* LabelSettingColorTableViewCell.swift */ = {isa = PBXFileReference; fileEncoding = 4; lastKnownFileType = sourcecode.swift; path = LabelSettingColorTableViewCell.swift; sourceTree = "<group>"; };
		661649AA24D7F1FB00EE123B /* LabelSettingColorTableViewCell.xib */ = {isa = PBXFileReference; fileEncoding = 4; lastKnownFileType = file.xib; path = LabelSettingColorTableViewCell.xib; sourceTree = "<group>"; };
		661649AC24D7F1FB00EE123B /* LabelSettingTextFieldTableViewCell.xib */ = {isa = PBXFileReference; fileEncoding = 4; lastKnownFileType = file.xib; path = LabelSettingTextFieldTableViewCell.xib; sourceTree = "<group>"; };
		661649B424D7F30D00EE123B /* CloseableTextField.swift */ = {isa = PBXFileReference; lastKnownFileType = sourcecode.swift; path = CloseableTextField.swift; sourceTree = "<group>"; };
		661649B724D7F5A800EE123B /* ColorPickerViewController.swift */ = {isa = PBXFileReference; lastKnownFileType = sourcecode.swift; path = ColorPickerViewController.swift; sourceTree = "<group>"; };
		661649B824D7F5A800EE123B /* ColorPickerViewController.xib */ = {isa = PBXFileReference; lastKnownFileType = file.xib; path = ColorPickerViewController.xib; sourceTree = "<group>"; };
		661649BB24D7F9B500EE123B /* Color.swift */ = {isa = PBXFileReference; lastKnownFileType = sourcecode.swift; path = Color.swift; sourceTree = "<group>"; };
		661649BD24D7FFDD00EE123B /* UIColor+RGB.swift */ = {isa = PBXFileReference; lastKnownFileType = sourcecode.swift; path = "UIColor+RGB.swift"; sourceTree = "<group>"; };
		6625396224D813A4006B2767 /* UICollectionView+BatchUpdates.swift */ = {isa = PBXFileReference; fileEncoding = 4; lastKnownFileType = sourcecode.swift; path = "UICollectionView+BatchUpdates.swift"; sourceTree = "<group>"; };
		6625396424D81904006B2767 /* LabelSettingAdditionalTableViewCell.swift */ = {isa = PBXFileReference; lastKnownFileType = sourcecode.swift; path = LabelSettingAdditionalTableViewCell.swift; sourceTree = "<group>"; };
		6625396524D81904006B2767 /* LabelSettingAdditionalTableViewCell.xib */ = {isa = PBXFileReference; lastKnownFileType = file.xib; path = LabelSettingAdditionalTableViewCell.xib; sourceTree = "<group>"; };
		6625396824D81BF4006B2767 /* AppListViewController.swift */ = {isa = PBXFileReference; lastKnownFileType = sourcecode.swift; path = AppListViewController.swift; sourceTree = "<group>"; };
		6625396924D81BF4006B2767 /* AppListViewController.xib */ = {isa = PBXFileReference; lastKnownFileType = file.xib; path = AppListViewController.xib; sourceTree = "<group>"; };
		6625396D24D81D0D006B2767 /* AppListTableViewCell.swift */ = {isa = PBXFileReference; lastKnownFileType = sourcecode.swift; path = AppListTableViewCell.swift; sourceTree = "<group>"; };
		6625396E24D81D0D006B2767 /* AppListTableViewCell.xib */ = {isa = PBXFileReference; lastKnownFileType = file.xib; path = AppListTableViewCell.xib; sourceTree = "<group>"; };
		6625397224D82E81006B2767 /* AppDetailViewController.swift */ = {isa = PBXFileReference; lastKnownFileType = sourcecode.swift; path = AppDetailViewController.swift; sourceTree = "<group>"; };
		6625397324D82E81006B2767 /* AppDetailViewController.xib */ = {isa = PBXFileReference; lastKnownFileType = file.xib; path = AppDetailViewController.xib; sourceTree = "<group>"; };
		6625397B24D832F9006B2767 /* AppInformationViewController.swift */ = {isa = PBXFileReference; lastKnownFileType = sourcecode.swift; path = AppInformationViewController.swift; sourceTree = "<group>"; };
		6625397C24D832F9006B2767 /* AppInformationViewController.xib */ = {isa = PBXFileReference; lastKnownFileType = file.xib; path = AppInformationViewController.xib; sourceTree = "<group>"; };
		6625398024D833C0006B2767 /* AppInformationTableViewCell.swift */ = {isa = PBXFileReference; lastKnownFileType = sourcecode.swift; path = AppInformationTableViewCell.swift; sourceTree = "<group>"; };
		6625398124D833C0006B2767 /* AppInformationTableViewCell.xib */ = {isa = PBXFileReference; lastKnownFileType = file.xib; path = AppInformationTableViewCell.xib; sourceTree = "<group>"; };
		662751B324D9161A00BFE78F /* ColorSetCollectionViewCell.xib */ = {isa = PBXFileReference; fileEncoding = 4; lastKnownFileType = file.xib; path = ColorSetCollectionViewCell.xib; sourceTree = "<group>"; };
		662751B424D9161A00BFE78F /* ColorSetCollectionViewCell.swift */ = {isa = PBXFileReference; fileEncoding = 4; lastKnownFileType = sourcecode.swift; path = ColorSetCollectionViewCell.swift; sourceTree = "<group>"; };
		662751BC24D9168A00BFE78F /* AppInfoListCollectionViewCell.swift */ = {isa = PBXFileReference; fileEncoding = 4; lastKnownFileType = sourcecode.swift; path = AppInfoListCollectionViewCell.swift; sourceTree = "<group>"; };
		662751BD24D9168A00BFE78F /* AppInfoListCollectionViewCell.xib */ = {isa = PBXFileReference; fileEncoding = 4; lastKnownFileType = file.xib; path = AppInfoListCollectionViewCell.xib; sourceTree = "<group>"; };
		662751C124D916B100BFE78F /* ToolbarMode.swift */ = {isa = PBXFileReference; lastKnownFileType = sourcecode.swift; path = ToolbarMode.swift; sourceTree = "<group>"; };
		662AAF4F24139FB300283AF2 /* DatabaseManager.swift */ = {isa = PBXFileReference; lastKnownFileType = sourcecode.swift; path = DatabaseManager.swift; sourceTree = "<group>"; };
		66498E231FC5A69B00239B47 /* ShareFromAppStoreExtension.entitlements */ = {isa = PBXFileReference; lastKnownFileType = text.plist.entitlements; path = ShareFromAppStoreExtension.entitlements; sourceTree = "<group>"; };
		66498E241FC5A6D700239B47 /* AppApp.entitlements */ = {isa = PBXFileReference; lastKnownFileType = text.plist.entitlements; path = AppApp.entitlements; sourceTree = "<group>"; };
		6662E14420024B1700FB30C7 /* backgroundImage.json */ = {isa = PBXFileReference; lastKnownFileType = text.json; path = backgroundImage.json; sourceTree = "<group>"; };
		66686B702405019F005A22A3 /* Constants.swift */ = {isa = PBXFileReference; lastKnownFileType = sourcecode.swift; path = Constants.swift; sourceTree = "<group>"; };
		666E06B61FCBAC290043DCFF /* WebViewController.swift */ = {isa = PBXFileReference; lastKnownFileType = sourcecode.swift; path = WebViewController.swift; sourceTree = "<group>"; };
		666E06C01FCBB5E90043DCFF /* WebPageToolbar.swift */ = {isa = PBXFileReference; lastKnownFileType = sourcecode.swift; path = WebPageToolbar.swift; sourceTree = "<group>"; };
		666E06C21FCBC1E50043DCFF /* PassThroughIndicator.swift */ = {isa = PBXFileReference; lastKnownFileType = sourcecode.swift; path = PassThroughIndicator.swift; sourceTree = "<group>"; };
		666E06C41FCBCB260043DCFF /* UITextView+Placeholder.swift */ = {isa = PBXFileReference; lastKnownFileType = sourcecode.swift; path = "UITextView+Placeholder.swift"; sourceTree = "<group>"; };
		666E06C61FCBDE920043DCFF /* StoreKit.framework */ = {isa = PBXFileReference; lastKnownFileType = wrapper.framework; name = StoreKit.framework; path = System/Library/Frameworks/StoreKit.framework; sourceTree = SDKROOT; };
		6677FC251FCA7E0400CB105E /* VersionManager.swift */ = {isa = PBXFileReference; lastKnownFileType = sourcecode.swift; path = VersionManager.swift; sourceTree = "<group>"; };
		6677FC271FCA7F2000CB105E /* CreateLabelViewController.swift */ = {isa = PBXFileReference; lastKnownFileType = sourcecode.swift; path = CreateLabelViewController.swift; sourceTree = "<group>"; };
		6677FC291FCA882800CB105E /* ColorPicker.swift */ = {isa = PBXFileReference; lastKnownFileType = sourcecode.swift; path = ColorPicker.swift; sourceTree = "<group>"; };
		667C841A24D2C659002F5B22 /* AppRequest.swift */ = {isa = PBXFileReference; lastKnownFileType = sourcecode.swift; name = AppRequest.swift; path = ShareFromAppStoreExtension/AppRequest.swift; sourceTree = SOURCE_ROOT; };
		667C842324D2F3D1002F5B22 /* BottomModalViewController.swift */ = {isa = PBXFileReference; lastKnownFileType = sourcecode.swift; path = BottomModalViewController.swift; sourceTree = "<group>"; };
		667C842424D2F3D1002F5B22 /* BottomModalViewController.xib */ = {isa = PBXFileReference; lastKnownFileType = file.xib; path = BottomModalViewController.xib; sourceTree = "<group>"; };
		667ECE151FC36784009233DE /* AppApp.app */ = {isa = PBXFileReference; explicitFileType = wrapper.application; includeInIndex = 0; path = AppApp.app; sourceTree = BUILT_PRODUCTS_DIR; };
		667ECE181FC36784009233DE /* AppDelegate.swift */ = {isa = PBXFileReference; lastKnownFileType = sourcecode.swift; path = AppDelegate.swift; sourceTree = "<group>"; };
		667ECE1F1FC36784009233DE /* Assets.xcassets */ = {isa = PBXFileReference; lastKnownFileType = folder.assetcatalog; path = Assets.xcassets; sourceTree = "<group>"; };
		667ECE221FC36784009233DE /* Base */ = {isa = PBXFileReference; lastKnownFileType = file.storyboard; name = Base; path = Base.lproj/LaunchScreen.storyboard; sourceTree = "<group>"; };
		667ECE241FC36784009233DE /* Info.plist */ = {isa = PBXFileReference; lastKnownFileType = text.plist.xml; path = Info.plist; sourceTree = "<group>"; };
		667ECE291FC36784009233DE /* AppAppTests.xctest */ = {isa = PBXFileReference; explicitFileType = wrapper.cfbundle; includeInIndex = 0; path = AppAppTests.xctest; sourceTree = BUILT_PRODUCTS_DIR; };
		667ECE2D1FC36784009233DE /* AppAppTests.swift */ = {isa = PBXFileReference; lastKnownFileType = sourcecode.swift; path = AppAppTests.swift; sourceTree = "<group>"; };
		667ECE2F1FC36784009233DE /* Info.plist */ = {isa = PBXFileReference; lastKnownFileType = text.plist.xml; path = Info.plist; sourceTree = "<group>"; };
		667ECE341FC36784009233DE /* AppAppUITests.xctest */ = {isa = PBXFileReference; explicitFileType = wrapper.cfbundle; includeInIndex = 0; path = AppAppUITests.xctest; sourceTree = BUILT_PRODUCTS_DIR; };
		667ECE381FC36784009233DE /* AppAppUITests.swift */ = {isa = PBXFileReference; lastKnownFileType = sourcecode.swift; path = AppAppUITests.swift; sourceTree = "<group>"; };
		667ECE3A1FC36784009233DE /* Info.plist */ = {isa = PBXFileReference; lastKnownFileType = text.plist.xml; path = Info.plist; sourceTree = "<group>"; };
		667ECE6F1FC4206F009233DE /* AppListCollectionViewCell.swift */ = {isa = PBXFileReference; lastKnownFileType = sourcecode.swift; path = AppListCollectionViewCell.swift; sourceTree = "<group>"; };
		667ECE701FC4206F009233DE /* AppListCollectionViewCell.xib */ = {isa = PBXFileReference; lastKnownFileType = file.xib; path = AppListCollectionViewCell.xib; sourceTree = "<group>"; };
		66AA1DF71FC56519001C419E /* ShareFromAppStoreExtension.appex */ = {isa = PBXFileReference; explicitFileType = "wrapper.app-extension"; includeInIndex = 0; path = ShareFromAppStoreExtension.appex; sourceTree = BUILT_PRODUCTS_DIR; };
		66AA1DF91FC56519001C419E /* ShareViewController.swift */ = {isa = PBXFileReference; lastKnownFileType = sourcecode.swift; path = ShareViewController.swift; sourceTree = "<group>"; };
		66AA1DFC1FC56519001C419E /* Base */ = {isa = PBXFileReference; lastKnownFileType = file.storyboard; name = Base; path = Base.lproj/MainInterface.storyboard; sourceTree = "<group>"; };
		66AA1DFE1FC56519001C419E /* Info.plist */ = {isa = PBXFileReference; lastKnownFileType = text.plist.xml; path = Info.plist; sourceTree = "<group>"; };
		66AA1E081FC5900D001C419E /* LabelListTableViewController.swift */ = {isa = PBXFileReference; lastKnownFileType = sourcecode.swift; path = LabelListTableViewController.swift; sourceTree = "<group>"; };
		66E54DCC2413A59600069082 /* Label.swift */ = {isa = PBXFileReference; lastKnownFileType = sourcecode.swift; path = Label.swift; sourceTree = "<group>"; };
		66E54DCE2413A5E000069082 /* App.swift */ = {isa = PBXFileReference; lastKnownFileType = sourcecode.swift; path = App.swift; sourceTree = "<group>"; };
/* End PBXFileReference section */

/* Begin PBXFrameworksBuildPhase section */
		667ECE121FC36784009233DE /* Frameworks */ = {
			isa = PBXFrameworksBuildPhase;
			buildActionMask = 2147483647;
			files = (
				624D2F162B75E683007AE22A /* RealmSwift in Frameworks */,
				624D2F542B75EFE6007AE22A /* RswiftLibrary in Frameworks */,
				660B068524D05202003100EE /* SnapKit in Frameworks */,
				624D2F142B75E683007AE22A /* Realm in Frameworks */,
			);
			runOnlyForDeploymentPostprocessing = 0;
		};
		667ECE261FC36784009233DE /* Frameworks */ = {
			isa = PBXFrameworksBuildPhase;
			buildActionMask = 2147483647;
			files = (
			);
			runOnlyForDeploymentPostprocessing = 0;
		};
		667ECE311FC36784009233DE /* Frameworks */ = {
			isa = PBXFrameworksBuildPhase;
			buildActionMask = 2147483647;
			files = (
			);
			runOnlyForDeploymentPostprocessing = 0;
		};
		66AA1DF41FC56519001C419E /* Frameworks */ = {
			isa = PBXFrameworksBuildPhase;
			buildActionMask = 2147483647;
			files = (
				624D2F1A2B75E6B9007AE22A /* RealmSwift in Frameworks */,
				624D2F182B75E6B9007AE22A /* Realm in Frameworks */,
				624D2F522B75EFE1007AE22A /* RswiftLibrary in Frameworks */,
			);
			runOnlyForDeploymentPostprocessing = 0;
		};
/* End PBXFrameworksBuildPhase section */

/* Begin PBXGroup section */
		660B066924D04AB0003100EE /* Home */ = {
			isa = PBXGroup;
			children = (
				660B066A24D04AF2003100EE /* HomeViewController.swift */,
				660B066B24D04AF2003100EE /* HomeViewController.xib */,
				667C841E24D2EFB4002F5B22 /* BottomModal */,
				660B067024D04F34003100EE /* Page */,
				660B066F24D04F1B003100EE /* LabelCollection */,
				660B066E24D04EC2003100EE /* Apps */,
			);
			path = Home;
			sourceTree = "<group>";
		};
		660B066E24D04EC2003100EE /* Apps */ = {
			isa = PBXGroup;
			children = (
				660B068624D0541B003100EE /* AppsViewController.swift */,
				660B068724D0541B003100EE /* AppsViewController.xib */,
			);
			path = Apps;
			sourceTree = "<group>";
		};
		660B066F24D04F1B003100EE /* LabelCollection */ = {
			isa = PBXGroup;
			children = (
				660B067524D04FA3003100EE /* LabelCollectionViewController.swift */,
				660B067624D04FA3003100EE /* LabelCollectionViewController.xib */,
			);
			path = LabelCollection;
			sourceTree = "<group>";
		};
		660B067024D04F34003100EE /* Page */ = {
			isa = PBXGroup;
			children = (
				660B067124D04F66003100EE /* PageViewController.swift */,
				660B067224D04F66003100EE /* PageViewController.xib */,
			);
			path = Page;
			sourceTree = "<group>";
		};
		660B067924D050B6003100EE /* Label */ = {
			isa = PBXGroup;
			children = (
				660B067A24D050E5003100EE /* LabelCollectionViewCell.swift */,
				660B067B24D050E5003100EE /* LabelCollectionViewCell.xib */,
			);
			path = Label;
			sourceTree = "<group>";
		};
		6616498E24D7E74E00EE123B /* LabelSetting */ = {
			isa = PBXGroup;
			children = (
				6616499424D7E9CE00EE123B /* LabelSettingViewController.swift */,
				6616499324D7E9CE00EE123B /* LabelSettingViewController.xib */,
				661649B624D7F59000EE123B /* ColorPicker */,
			);
			path = LabelSetting;
			sourceTree = "<group>";
		};
		661649A624D7F1FB00EE123B /* LabelSetting */ = {
			isa = PBXGroup;
			children = (
				661649A724D7F1FB00EE123B /* LabelSettingTextFieldTableViewCell.swift */,
				661649AC24D7F1FB00EE123B /* LabelSettingTextFieldTableViewCell.xib */,
				661649A824D7F1FB00EE123B /* LabelSettingColorTableViewCell.swift */,
				661649AA24D7F1FB00EE123B /* LabelSettingColorTableViewCell.xib */,
				6625396424D81904006B2767 /* LabelSettingAdditionalTableViewCell.swift */,
				6625396524D81904006B2767 /* LabelSettingAdditionalTableViewCell.xib */,
			);
			path = LabelSetting;
			sourceTree = "<group>";
		};
		661649B324D7F2F900EE123B /* UITextField */ = {
			isa = PBXGroup;
			children = (
				661649B424D7F30D00EE123B /* CloseableTextField.swift */,
			);
			path = UITextField;
			sourceTree = "<group>";
		};
		661649B624D7F59000EE123B /* ColorPicker */ = {
			isa = PBXGroup;
			children = (
				661649B724D7F5A800EE123B /* ColorPickerViewController.swift */,
				661649B824D7F5A800EE123B /* ColorPickerViewController.xib */,
			);
			path = ColorPicker;
			sourceTree = "<group>";
		};
		6625396C24D81CF8006B2767 /* AppList */ = {
			isa = PBXGroup;
			children = (
				6625396D24D81D0D006B2767 /* AppListTableViewCell.swift */,
				6625396E24D81D0D006B2767 /* AppListTableViewCell.xib */,
			);
			path = AppList;
			sourceTree = "<group>";
		};
		6625397124D82E65006B2767 /* AppDetail */ = {
			isa = PBXGroup;
			children = (
				6625397224D82E81006B2767 /* AppDetailViewController.swift */,
				6625397324D82E81006B2767 /* AppDetailViewController.xib */,
				6625397624D831BF006B2767 /* AppInformation */,
			);
			path = AppDetail;
			sourceTree = "<group>";
		};
		6625397624D831BF006B2767 /* AppInformation */ = {
			isa = PBXGroup;
			children = (
				6625397B24D832F9006B2767 /* AppInformationViewController.swift */,
				6625397C24D832F9006B2767 /* AppInformationViewController.xib */,
			);
			path = AppInformation;
			sourceTree = "<group>";
		};
		6625397F24D833A9006B2767 /* AppInformation */ = {
			isa = PBXGroup;
			children = (
				6625398024D833C0006B2767 /* AppInformationTableViewCell.swift */,
				6625398124D833C0006B2767 /* AppInformationTableViewCell.xib */,
			);
			path = AppInformation;
			sourceTree = "<group>";
		};
		662751B224D9161100BFE78F /* ColorSet */ = {
			isa = PBXGroup;
			children = (
				662751B424D9161A00BFE78F /* ColorSetCollectionViewCell.swift */,
				662751B324D9161A00BFE78F /* ColorSetCollectionViewCell.xib */,
			);
			path = ColorSet;
			sourceTree = "<group>";
		};
		662751B724D9162D00BFE78F /* AppInfoList */ = {
			isa = PBXGroup;
			children = (
				662751BC24D9168A00BFE78F /* AppInfoListCollectionViewCell.swift */,
				662751BD24D9168A00BFE78F /* AppInfoListCollectionViewCell.xib */,
			);
			path = AppInfoList;
			sourceTree = "<group>";
		};
		662751C024D9169700BFE78F /* Enumerations */ = {
			isa = PBXGroup;
			children = (
				662751C124D916B100BFE78F /* ToolbarMode.swift */,
			);
			path = Enumerations;
			sourceTree = "<group>";
		};
		662AAF4E24139F9800283AF2 /* Database */ = {
			isa = PBXGroup;
			children = (
				662AAF4F24139FB300283AF2 /* DatabaseManager.swift */,
			);
			path = Database;
			sourceTree = "<group>";
		};
		6660816B24063DF200001A9C /* Scripts */ = {
			isa = PBXGroup;
			children = (
				667ECE181FC36784009233DE /* AppDelegate.swift */,
				662AAF4E24139F9800283AF2 /* Database */,
				66686B6F2405018B005A22A3 /* Common */,
				662751C024D9169700BFE78F /* Enumerations */,
				666081742406484600001A9C /* Components */,
				666081AC24064F6D00001A9C /* Entity */,
				666081732406483A00001A9C /* UIViewController */,
				66681CD41FCC08A6009A0F55 /* Extensions */,
			);
			path = Scripts;
			sourceTree = "<group>";
		};
		6660816C24063DFE00001A9C /* Resources */ = {
			isa = PBXGroup;
			children = (
				6660816D2406403700001A9C /* JSON */,
				66498E241FC5A6D700239B47 /* AppApp.entitlements */,
				667ECE1F1FC36784009233DE /* Assets.xcassets */,
				667ECE241FC36784009233DE /* Info.plist */,
				660D7A8E2409229E00DEC2C8 /* Settings.bundle */,
			);
			path = Resources;
			sourceTree = "<group>";
		};
		6660816D2406403700001A9C /* JSON */ = {
			isa = PBXGroup;
			children = (
				660B57761FCFDB1000DBC823 /* colorData.json */,
				660B57BC1FD12A9A00DBC823 /* help.json */,
				6662E14420024B1700FB30C7 /* backgroundImage.json */,
			);
			path = JSON;
			sourceTree = "<group>";
		};
		6660816E2406409A00001A9C /* Storyboards */ = {
			isa = PBXGroup;
			children = (
				667ECE211FC36784009233DE /* LaunchScreen.storyboard */,
			);
			path = Storyboards;
			sourceTree = "<group>";
		};
		666081732406483A00001A9C /* UIViewController */ = {
			isa = PBXGroup;
			children = (
				660B066924D04AB0003100EE /* Home */,
				6616498E24D7E74E00EE123B /* LabelSetting */,
				6660819724064D9500001A9C /* AppList */,
				6625397124D82E65006B2767 /* AppDetail */,
				6660817D2406496A00001A9C /* Web */,
			);
			path = UIViewController;
			sourceTree = "<group>";
		};
		666081742406484600001A9C /* Components */ = {
			isa = PBXGroup;
			children = (
				661649B324D7F2F900EE123B /* UITextField */,
				6660818E24064BF900001A9C /* UIActivityIndicatorView */,
				6660818524064B0100001A9C /* UITableViewCell */,
				6660818224064AA500001A9C /* UIToolbar */,
				6660818124064A9400001A9C /* UICollectionViewCell */,
			);
			path = Components;
			sourceTree = "<group>";
		};
		6660817D2406496A00001A9C /* Web */ = {
			isa = PBXGroup;
			children = (
				666E06B61FCBAC290043DCFF /* WebViewController.swift */,
			);
			path = Web;
			sourceTree = "<group>";
		};
		6660818124064A9400001A9C /* UICollectionViewCell */ = {
			isa = PBXGroup;
			children = (
				662751B724D9162D00BFE78F /* AppInfoList */,
				662751B224D9161100BFE78F /* ColorSet */,
				660B067924D050B6003100EE /* Label */,
				6660819C24064E6F00001A9C /* AppList */,
			);
			path = UICollectionViewCell;
			sourceTree = "<group>";
		};
		6660818224064AA500001A9C /* UIToolbar */ = {
			isa = PBXGroup;
			children = (
				666E06C01FCBB5E90043DCFF /* WebPageToolbar.swift */,
			);
			path = UIToolbar;
			sourceTree = "<group>";
		};
		6660818524064B0100001A9C /* UITableViewCell */ = {
			isa = PBXGroup;
			children = (
				6625397F24D833A9006B2767 /* AppInformation */,
				6625396C24D81CF8006B2767 /* AppList */,
				661649A624D7F1FB00EE123B /* LabelSetting */,
			);
			path = UITableViewCell;
			sourceTree = "<group>";
		};
		6660818E24064BF900001A9C /* UIActivityIndicatorView */ = {
			isa = PBXGroup;
			children = (
				666E06C21FCBC1E50043DCFF /* PassThroughIndicator.swift */,
			);
			path = UIActivityIndicatorView;
			sourceTree = "<group>";
		};
		6660819724064D9500001A9C /* AppList */ = {
			isa = PBXGroup;
			children = (
				6625396824D81BF4006B2767 /* AppListViewController.swift */,
				6625396924D81BF4006B2767 /* AppListViewController.xib */,
			);
			path = AppList;
			sourceTree = "<group>";
		};
		6660819C24064E6F00001A9C /* AppList */ = {
			isa = PBXGroup;
			children = (
				667ECE6F1FC4206F009233DE /* AppListCollectionViewCell.swift */,
				667ECE701FC4206F009233DE /* AppListCollectionViewCell.xib */,
			);
			path = AppList;
			sourceTree = "<group>";
		};
		666081AC24064F6D00001A9C /* Entity */ = {
			isa = PBXGroup;
			children = (
				66E54DCE2413A5E000069082 /* App.swift */,
				66E54DCC2413A59600069082 /* Label.swift */,
				661649BB24D7F9B500EE123B /* Color.swift */,
			);
			path = Entity;
			sourceTree = "<group>";
		};
		66681CD41FCC08A6009A0F55 /* Extensions */ = {
			isa = PBXGroup;
			children = (
				666E06C41FCBCB260043DCFF /* UITextView+Placeholder.swift */,
				661649BD24D7FFDD00EE123B /* UIColor+RGB.swift */,
				6625396224D813A4006B2767 /* UICollectionView+BatchUpdates.swift */,
				660B067E24D05155003100EE /* UIColor+TextColor.swift */,
				6616499724D7EF3600EE123B /* UIColor+Random.swift */,
			);
			path = Extensions;
			sourceTree = "<group>";
		};
		66686B6F2405018B005A22A3 /* Common */ = {
			isa = PBXGroup;
			children = (
				6677FC251FCA7E0400CB105E /* VersionManager.swift */,
				66686B702405019F005A22A3 /* Constants.swift */,
			);
			path = Common;
			sourceTree = "<group>";
		};
		667C841E24D2EFB4002F5B22 /* BottomModal */ = {
			isa = PBXGroup;
			children = (
				667C842324D2F3D1002F5B22 /* BottomModalViewController.swift */,
				667C842424D2F3D1002F5B22 /* BottomModalViewController.xib */,
			);
			path = BottomModal;
			sourceTree = "<group>";
		};
		667ECE0C1FC36784009233DE = {
			isa = PBXGroup;
			children = (
				667ECE171FC36784009233DE /* AppApp */,
				667ECE2C1FC36784009233DE /* AppAppTests */,
				667ECE371FC36784009233DE /* AppAppUITests */,
				66AA1DF81FC56519001C419E /* ShareFromAppStoreExtension */,
				667ECE161FC36784009233DE /* Products */,
				667ECE4D1FC382B9009233DE /* Frameworks */,
			);
			sourceTree = "<group>";
		};
		667ECE161FC36784009233DE /* Products */ = {
			isa = PBXGroup;
			children = (
				667ECE151FC36784009233DE /* AppApp.app */,
				667ECE291FC36784009233DE /* AppAppTests.xctest */,
				667ECE341FC36784009233DE /* AppAppUITests.xctest */,
				66AA1DF71FC56519001C419E /* ShareFromAppStoreExtension.appex */,
			);
			name = Products;
			sourceTree = "<group>";
		};
		667ECE171FC36784009233DE /* AppApp */ = {
			isa = PBXGroup;
			children = (
				6660816E2406409A00001A9C /* Storyboards */,
				6660816B24063DF200001A9C /* Scripts */,
				6660816C24063DFE00001A9C /* Resources */,
			);
			path = AppApp;
			sourceTree = "<group>";
		};
		667ECE2C1FC36784009233DE /* AppAppTests */ = {
			isa = PBXGroup;
			children = (
				667ECE2D1FC36784009233DE /* AppAppTests.swift */,
				667ECE2F1FC36784009233DE /* Info.plist */,
			);
			path = AppAppTests;
			sourceTree = "<group>";
		};
		667ECE371FC36784009233DE /* AppAppUITests */ = {
			isa = PBXGroup;
			children = (
				667ECE381FC36784009233DE /* AppAppUITests.swift */,
				667ECE3A1FC36784009233DE /* Info.plist */,
			);
			path = AppAppUITests;
			sourceTree = "<group>";
		};
		667ECE4D1FC382B9009233DE /* Frameworks */ = {
			isa = PBXGroup;
			children = (
				666E06C61FCBDE920043DCFF /* StoreKit.framework */,
			);
			name = Frameworks;
			sourceTree = "<group>";
		};
		66AA1DF81FC56519001C419E /* ShareFromAppStoreExtension */ = {
			isa = PBXGroup;
			children = (
				66498E231FC5A69B00239B47 /* ShareFromAppStoreExtension.entitlements */,
				66AA1DF91FC56519001C419E /* ShareViewController.swift */,
				66AA1E081FC5900D001C419E /* LabelListTableViewController.swift */,
				6677FC271FCA7F2000CB105E /* CreateLabelViewController.swift */,
				6677FC291FCA882800CB105E /* ColorPicker.swift */,
				667C841A24D2C659002F5B22 /* AppRequest.swift */,
				66AA1DFB1FC56519001C419E /* MainInterface.storyboard */,
				66AA1DFE1FC56519001C419E /* Info.plist */,
			);
			path = ShareFromAppStoreExtension;
			sourceTree = "<group>";
		};
/* End PBXGroup section */

/* Begin PBXNativeTarget section */
		667ECE141FC36784009233DE /* AppApp */ = {
			isa = PBXNativeTarget;
			buildConfigurationList = 667ECE3D1FC36784009233DE /* Build configuration list for PBXNativeTarget "AppApp" */;
			buildPhases = (
				667ECE111FC36784009233DE /* Sources */,
				667ECE121FC36784009233DE /* Frameworks */,
				667ECE131FC36784009233DE /* Resources */,
				66686B6E2404520F005A22A3 /* SwiftLint */,
				66AA1E051FC56519001C419E /* Embed Foundation Extensions */,
			);
			buildRules = (
			);
			dependencies = (
				624D2F222B75E7F4007AE22A /* PBXTargetDependency */,
				624D2F1F2B75E7B9007AE22A /* PBXTargetDependency */,
				66AA1E001FC56519001C419E /* PBXTargetDependency */,
			);
			name = AppApp;
			packageProductDependencies = (
				660B068424D05202003100EE /* SnapKit */,
				624D2F132B75E683007AE22A /* Realm */,
				624D2F152B75E683007AE22A /* RealmSwift */,
				624D2F532B75EFE6007AE22A /* RswiftLibrary */,
			);
			productName = AppApp;
			productReference = 667ECE151FC36784009233DE /* AppApp.app */;
			productType = "com.apple.product-type.application";
		};
		667ECE281FC36784009233DE /* AppAppTests */ = {
			isa = PBXNativeTarget;
			buildConfigurationList = 667ECE401FC36784009233DE /* Build configuration list for PBXNativeTarget "AppAppTests" */;
			buildPhases = (
				667ECE251FC36784009233DE /* Sources */,
				667ECE261FC36784009233DE /* Frameworks */,
				667ECE271FC36784009233DE /* Resources */,
			);
			buildRules = (
			);
			dependencies = (
				667ECE2B1FC36784009233DE /* PBXTargetDependency */,
			);
			name = AppAppTests;
			productName = AppAppTests;
			productReference = 667ECE291FC36784009233DE /* AppAppTests.xctest */;
			productType = "com.apple.product-type.bundle.unit-test";
		};
		667ECE331FC36784009233DE /* AppAppUITests */ = {
			isa = PBXNativeTarget;
			buildConfigurationList = 667ECE431FC36784009233DE /* Build configuration list for PBXNativeTarget "AppAppUITests" */;
			buildPhases = (
				667ECE301FC36784009233DE /* Sources */,
				667ECE311FC36784009233DE /* Frameworks */,
				667ECE321FC36784009233DE /* Resources */,
			);
			buildRules = (
			);
			dependencies = (
				667ECE361FC36784009233DE /* PBXTargetDependency */,
			);
			name = AppAppUITests;
			productName = AppAppUITests;
			productReference = 667ECE341FC36784009233DE /* AppAppUITests.xctest */;
			productType = "com.apple.product-type.bundle.ui-testing";
		};
		66AA1DF61FC56519001C419E /* ShareFromAppStoreExtension */ = {
			isa = PBXNativeTarget;
			buildConfigurationList = 66AA1E021FC56519001C419E /* Build configuration list for PBXNativeTarget "ShareFromAppStoreExtension" */;
			buildPhases = (
				66AA1DF31FC56519001C419E /* Sources */,
				66AA1DF41FC56519001C419E /* Frameworks */,
				66AA1DF51FC56519001C419E /* Resources */,
			);
			buildRules = (
			);
			dependencies = (
				624D2F3B2B75EBC3007AE22A /* PBXTargetDependency */,
			);
			name = ShareFromAppStoreExtension;
			packageProductDependencies = (
				624D2F172B75E6B9007AE22A /* Realm */,
				624D2F192B75E6B9007AE22A /* RealmSwift */,
				624D2F512B75EFE1007AE22A /* RswiftLibrary */,
			);
			productName = ShareFromAppStoreExtension;
			productReference = 66AA1DF71FC56519001C419E /* ShareFromAppStoreExtension.appex */;
			productType = "com.apple.product-type.app-extension";
		};
/* End PBXNativeTarget section */

/* Begin PBXProject section */
		667ECE0D1FC36784009233DE /* Project object */ = {
			isa = PBXProject;
			attributes = {
				BuildIndependentTargetsInParallel = YES;
				LastSwiftUpdateCheck = 0910;
				LastUpgradeCheck = 1500;
				ORGANIZATIONNAME = "Reona Kubo";
				TargetAttributes = {
					667ECE141FC36784009233DE = {
						CreatedOnToolsVersion = 9.1;
						LastSwiftMigration = 1130;
						ProvisioningStyle = Automatic;
						SystemCapabilities = {
							com.apple.ApplicationGroups.iOS = {
								enabled = 1;
							};
						};
					};
					667ECE281FC36784009233DE = {
						CreatedOnToolsVersion = 9.1;
						LastSwiftMigration = 1130;
						ProvisioningStyle = Automatic;
						TestTargetID = 667ECE141FC36784009233DE;
					};
					667ECE331FC36784009233DE = {
						CreatedOnToolsVersion = 9.1;
						LastSwiftMigration = 1130;
						ProvisioningStyle = Automatic;
						TestTargetID = 667ECE141FC36784009233DE;
					};
					66AA1DF61FC56519001C419E = {
						CreatedOnToolsVersion = 9.1;
						LastSwiftMigration = 1130;
						ProvisioningStyle = Automatic;
						SystemCapabilities = {
							com.apple.ApplicationGroups.iOS = {
								enabled = 1;
							};
						};
					};
				};
			};
			buildConfigurationList = 667ECE101FC36784009233DE /* Build configuration list for PBXProject "AppApp" */;
			compatibilityVersion = "Xcode 8.0";
			developmentRegion = en;
			hasScannedForEncodings = 0;
			knownRegions = (
				en,
				Base,
				ja,
			);
			mainGroup = 667ECE0C1FC36784009233DE;
			packageReferences = (
				660B068324D05202003100EE /* XCRemoteSwiftPackageReference "SnapKit" */,
				624D2F122B75E683007AE22A /* XCRemoteSwiftPackageReference "realm-swift" */,
				624D2F1B2B75E78D007AE22A /* XCRemoteSwiftPackageReference "R" */,
				624D2F202B75E7DC007AE22A /* XCRemoteSwiftPackageReference "LicensePlist" */,
			);
			productRefGroup = 667ECE161FC36784009233DE /* Products */;
			projectDirPath = "";
			projectRoot = "";
			targets = (
				667ECE141FC36784009233DE /* AppApp */,
				667ECE281FC36784009233DE /* AppAppTests */,
				667ECE331FC36784009233DE /* AppAppUITests */,
				66AA1DF61FC56519001C419E /* ShareFromAppStoreExtension */,
			);
		};
/* End PBXProject section */

/* Begin PBXResourcesBuildPhase section */
		667ECE131FC36784009233DE /* Resources */ = {
			isa = PBXResourcesBuildPhase;
			buildActionMask = 2147483647;
			files = (
				6616499524D7E9CF00EE123B /* LabelSettingViewController.xib in Resources */,
				6625397024D81D0D006B2767 /* AppListTableViewCell.xib in Resources */,
				6662E14520024B1700FB30C7 /* backgroundImage.json in Resources */,
				661649BA24D7F5A800EE123B /* ColorPickerViewController.xib in Resources */,
				661649B224D7F1FB00EE123B /* LabelSettingTextFieldTableViewCell.xib in Resources */,
				6625396724D81904006B2767 /* LabelSettingAdditionalTableViewCell.xib in Resources */,
				660B067824D04FA3003100EE /* LabelCollectionViewController.xib in Resources */,
				660B57771FCFDB1000DBC823 /* colorData.json in Resources */,
				667C842624D2F3D1002F5B22 /* BottomModalViewController.xib in Resources */,
				667ECE231FC36784009233DE /* LaunchScreen.storyboard in Resources */,
				660B57BD1FD12A9B00DBC823 /* help.json in Resources */,
				6625397524D82E81006B2767 /* AppDetailViewController.xib in Resources */,
				662751BF24D9168B00BFE78F /* AppInfoListCollectionViewCell.xib in Resources */,
				660B067424D04F66003100EE /* PageViewController.xib in Resources */,
				6625397E24D832F9006B2767 /* AppInformationViewController.xib in Resources */,
				660B067D24D050E5003100EE /* LabelCollectionViewCell.xib in Resources */,
				661649B024D7F1FB00EE123B /* LabelSettingColorTableViewCell.xib in Resources */,
				667ECE201FC36784009233DE /* Assets.xcassets in Resources */,
				660B066D24D04AF2003100EE /* HomeViewController.xib in Resources */,
				6625396B24D81BF4006B2767 /* AppListViewController.xib in Resources */,
				662751B524D9161B00BFE78F /* ColorSetCollectionViewCell.xib in Resources */,
				660B068924D0541B003100EE /* AppsViewController.xib in Resources */,
				6625398324D833C0006B2767 /* AppInformationTableViewCell.xib in Resources */,
				660D7A8F2409229E00DEC2C8 /* Settings.bundle in Resources */,
				667ECE721FC4206F009233DE /* AppListCollectionViewCell.xib in Resources */,
			);
			runOnlyForDeploymentPostprocessing = 0;
		};
		667ECE271FC36784009233DE /* Resources */ = {
			isa = PBXResourcesBuildPhase;
			buildActionMask = 2147483647;
			files = (
			);
			runOnlyForDeploymentPostprocessing = 0;
		};
		667ECE321FC36784009233DE /* Resources */ = {
			isa = PBXResourcesBuildPhase;
			buildActionMask = 2147483647;
			files = (
			);
			runOnlyForDeploymentPostprocessing = 0;
		};
		66AA1DF51FC56519001C419E /* Resources */ = {
			isa = PBXResourcesBuildPhase;
			buildActionMask = 2147483647;
			files = (
				66AA1DFD1FC56519001C419E /* MainInterface.storyboard in Resources */,
			);
			runOnlyForDeploymentPostprocessing = 0;
		};
/* End PBXResourcesBuildPhase section */

/* Begin PBXShellScriptBuildPhase section */
		66686B6E2404520F005A22A3 /* SwiftLint */ = {
			isa = PBXShellScriptBuildPhase;
			alwaysOutOfDate = 1;
			buildActionMask = 2147483647;
			files = (
			);
			inputFileListPaths = (
			);
			inputPaths = (
			);
			name = SwiftLint;
			outputFileListPaths = (
			);
			outputPaths = (
			);
			runOnlyForDeploymentPostprocessing = 0;
			shellPath = /bin/sh;
			shellScript = "export PATH=\"$PATH:/opt/homebrew/bin\"\n\nif which mint >/dev/null; then\n  xcrun --sdk macosx mint run swiftlint swiftlint --fix\n  xcrun --sdk macosx mint run swiftlint swiftlint\nelse\n  echo \"warning: Mint not installed, download from https://github.com/yonaskolb/Mint\"\nfi\n";
		};
/* End PBXShellScriptBuildPhase section */

/* Begin PBXSourcesBuildPhase section */
		667ECE111FC36784009233DE /* Sources */ = {
			isa = PBXSourcesBuildPhase;
			buildActionMask = 2147483647;
			files = (
				660B067724D04FA3003100EE /* LabelCollectionViewController.swift in Sources */,
				666E06B71FCBAC290043DCFF /* WebViewController.swift in Sources */,
				660B067F24D05155003100EE /* UIColor+TextColor.swift in Sources */,
				660B066C24D04AF2003100EE /* HomeViewController.swift in Sources */,
				661649B524D7F30D00EE123B /* CloseableTextField.swift in Sources */,
				661649AD24D7F1FB00EE123B /* LabelSettingTextFieldTableViewCell.swift in Sources */,
				66E54DCF2413A5E000069082 /* App.swift in Sources */,
				6625398224D833C0006B2767 /* AppInformationTableViewCell.swift in Sources */,
				660B067324D04F66003100EE /* PageViewController.swift in Sources */,
				662751BE24D9168B00BFE78F /* AppInfoListCollectionViewCell.swift in Sources */,
				66E54DCD2413A59600069082 /* Label.swift in Sources */,
				662751B624D9161B00BFE78F /* ColorSetCollectionViewCell.swift in Sources */,
				660B068824D0541B003100EE /* AppsViewController.swift in Sources */,
				6616499824D7EF3600EE123B /* UIColor+Random.swift in Sources */,
				66686B712405019F005A22A3 /* Constants.swift in Sources */,
				6625396324D813A4006B2767 /* UICollectionView+BatchUpdates.swift in Sources */,
				661649AE24D7F1FB00EE123B /* LabelSettingColorTableViewCell.swift in Sources */,
				666E06C31FCBC1E50043DCFF /* PassThroughIndicator.swift in Sources */,
				667C842524D2F3D1002F5B22 /* BottomModalViewController.swift in Sources */,
				6677FC261FCA7E0400CB105E /* VersionManager.swift in Sources */,
				624D2F3E2B75EBDF007AE22A /* AppRequest.swift in Sources */,
				6625396624D81904006B2767 /* LabelSettingAdditionalTableViewCell.swift in Sources */,
				661649B924D7F5A800EE123B /* ColorPickerViewController.swift in Sources */,
				662751C224D916B100BFE78F /* ToolbarMode.swift in Sources */,
				6625396F24D81D0D006B2767 /* AppListTableViewCell.swift in Sources */,
				660B067C24D050E5003100EE /* LabelCollectionViewCell.swift in Sources */,
				6625397D24D832F9006B2767 /* AppInformationViewController.swift in Sources */,
				666E06C11FCBB5E90043DCFF /* WebPageToolbar.swift in Sources */,
				661649BC24D7F9B500EE123B /* Color.swift in Sources */,
				6625397424D82E81006B2767 /* AppDetailViewController.swift in Sources */,
				6616499624D7E9CF00EE123B /* LabelSettingViewController.swift in Sources */,
				661649BE24D7FFDD00EE123B /* UIColor+RGB.swift in Sources */,
				662AAF5024139FB300283AF2 /* DatabaseManager.swift in Sources */,
				667ECE711FC4206F009233DE /* AppListCollectionViewCell.swift in Sources */,
				667ECE191FC36784009233DE /* AppDelegate.swift in Sources */,
				666E06C51FCBCB260043DCFF /* UITextView+Placeholder.swift in Sources */,
				6625396A24D81BF4006B2767 /* AppListViewController.swift in Sources */,
			);
			runOnlyForDeploymentPostprocessing = 0;
		};
		667ECE251FC36784009233DE /* Sources */ = {
			isa = PBXSourcesBuildPhase;
			buildActionMask = 2147483647;
			files = (
				667ECE2E1FC36784009233DE /* AppAppTests.swift in Sources */,
			);
			runOnlyForDeploymentPostprocessing = 0;
		};
		667ECE301FC36784009233DE /* Sources */ = {
			isa = PBXSourcesBuildPhase;
			buildActionMask = 2147483647;
			files = (
				667ECE391FC36784009233DE /* AppAppUITests.swift in Sources */,
			);
			runOnlyForDeploymentPostprocessing = 0;
		};
		66AA1DF31FC56519001C419E /* Sources */ = {
			isa = PBXSourcesBuildPhase;
			buildActionMask = 2147483647;
			files = (
				66AA1E091FC5900D001C419E /* LabelListTableViewController.swift in Sources */,
				624D2F2E2B75EA2A007AE22A /* AppRequest.swift in Sources */,
				660B068D24D07F69003100EE /* DatabaseManager.swift in Sources */,
				660B068C24D07EA5003100EE /* Label.swift in Sources */,
				660B068B24D07EA2003100EE /* App.swift in Sources */,
				66AA1DFA1FC56519001C419E /* ShareViewController.swift in Sources */,
				6677FC2A1FCA882800CB105E /* ColorPicker.swift in Sources */,
				66686B7324052B37005A22A3 /* Constants.swift in Sources */,
				6677FC281FCA7F2000CB105E /* CreateLabelViewController.swift in Sources */,
			);
			runOnlyForDeploymentPostprocessing = 0;
		};
/* End PBXSourcesBuildPhase section */

/* Begin PBXTargetDependency section */
		624D2F1F2B75E7B9007AE22A /* PBXTargetDependency */ = {
			isa = PBXTargetDependency;
			productRef = 624D2F1E2B75E7B9007AE22A /* RswiftGenerateInternalResources */;
		};
		624D2F222B75E7F4007AE22A /* PBXTargetDependency */ = {
			isa = PBXTargetDependency;
			productRef = 624D2F212B75E7F4007AE22A /* LicensePlistBuildTool */;
		};
		624D2F3B2B75EBC3007AE22A /* PBXTargetDependency */ = {
			isa = PBXTargetDependency;
			productRef = 624D2F3A2B75EBC3007AE22A /* RswiftGenerateInternalResources */;
		};
		667ECE2B1FC36784009233DE /* PBXTargetDependency */ = {
			isa = PBXTargetDependency;
			target = 667ECE141FC36784009233DE /* AppApp */;
			targetProxy = 667ECE2A1FC36784009233DE /* PBXContainerItemProxy */;
		};
		667ECE361FC36784009233DE /* PBXTargetDependency */ = {
			isa = PBXTargetDependency;
			target = 667ECE141FC36784009233DE /* AppApp */;
			targetProxy = 667ECE351FC36784009233DE /* PBXContainerItemProxy */;
		};
		66AA1E001FC56519001C419E /* PBXTargetDependency */ = {
			isa = PBXTargetDependency;
			target = 66AA1DF61FC56519001C419E /* ShareFromAppStoreExtension */;
			targetProxy = 66AA1DFF1FC56519001C419E /* PBXContainerItemProxy */;
		};
/* End PBXTargetDependency section */

/* Begin PBXVariantGroup section */
		667ECE211FC36784009233DE /* LaunchScreen.storyboard */ = {
			isa = PBXVariantGroup;
			children = (
				667ECE221FC36784009233DE /* Base */,
				660B57E21FD19E7500DBC823 /* ja */,
			);
			name = LaunchScreen.storyboard;
			sourceTree = "<group>";
		};
		66AA1DFB1FC56519001C419E /* MainInterface.storyboard */ = {
			isa = PBXVariantGroup;
			children = (
				66AA1DFC1FC56519001C419E /* Base */,
				660B57E31FD19E7600DBC823 /* ja */,
			);
			name = MainInterface.storyboard;
			sourceTree = "<group>";
		};
/* End PBXVariantGroup section */

/* Begin XCBuildConfiguration section */
		667ECE3B1FC36784009233DE /* Debug */ = {
			isa = XCBuildConfiguration;
			buildSettings = {
				ALWAYS_SEARCH_USER_PATHS = YES;
				CLANG_ANALYZER_LOCALIZABILITY_NONLOCALIZED = YES;
				CLANG_ANALYZER_NONNULL = YES;
				CLANG_ANALYZER_NUMBER_OBJECT_CONVERSION = YES_AGGRESSIVE;
				CLANG_CXX_LANGUAGE_STANDARD = "gnu++14";
				CLANG_CXX_LIBRARY = "";
				CLANG_ENABLE_MODULES = YES;
				CLANG_ENABLE_OBJC_ARC = YES;
				CLANG_WARN_BLOCK_CAPTURE_AUTORELEASING = YES;
				CLANG_WARN_BOOL_CONVERSION = YES;
				CLANG_WARN_COMMA = YES;
				CLANG_WARN_CONSTANT_CONVERSION = YES;
				CLANG_WARN_DEPRECATED_OBJC_IMPLEMENTATIONS = YES;
				CLANG_WARN_DIRECT_OBJC_ISA_USAGE = YES_ERROR;
				CLANG_WARN_DOCUMENTATION_COMMENTS = YES;
				CLANG_WARN_EMPTY_BODY = YES;
				CLANG_WARN_ENUM_CONVERSION = YES;
				CLANG_WARN_INFINITE_RECURSION = YES;
				CLANG_WARN_INT_CONVERSION = YES;
				CLANG_WARN_NON_LITERAL_NULL_CONVERSION = YES;
				CLANG_WARN_OBJC_IMPLICIT_RETAIN_SELF = YES;
				CLANG_WARN_OBJC_LITERAL_CONVERSION = YES;
				CLANG_WARN_OBJC_ROOT_CLASS = YES_ERROR;
				CLANG_WARN_QUOTED_INCLUDE_IN_FRAMEWORK_HEADER = YES;
				CLANG_WARN_RANGE_LOOP_ANALYSIS = YES;
				CLANG_WARN_STRICT_PROTOTYPES = YES;
				CLANG_WARN_SUSPICIOUS_MOVE = YES;
				CLANG_WARN_UNGUARDED_AVAILABILITY = YES_AGGRESSIVE;
				CLANG_WARN_UNREACHABLE_CODE = YES;
				CLANG_WARN__DUPLICATE_METHOD_MATCH = YES;
				CODE_SIGN_IDENTITY = "iPhone Developer";
				COPY_PHASE_STRIP = NO;
				DEBUG_INFORMATION_FORMAT = dwarf;
				ENABLE_STRICT_OBJC_MSGSEND = YES;
				ENABLE_TESTABILITY = YES;
				ENABLE_USER_SCRIPT_SANDBOXING = NO;
				GCC_C_LANGUAGE_STANDARD = gnu11;
				GCC_DYNAMIC_NO_PIC = NO;
				GCC_NO_COMMON_BLOCKS = YES;
				GCC_OPTIMIZATION_LEVEL = 0;
				GCC_PREPROCESSOR_DEFINITIONS = (
					"DEBUG=1",
					"$(inherited)",
				);
				GCC_WARN_64_TO_32_BIT_CONVERSION = YES;
				GCC_WARN_ABOUT_RETURN_TYPE = YES_ERROR;
				GCC_WARN_UNDECLARED_SELECTOR = YES;
				GCC_WARN_UNINITIALIZED_AUTOS = YES_AGGRESSIVE;
				GCC_WARN_UNUSED_FUNCTION = YES;
				GCC_WARN_UNUSED_VARIABLE = YES;
				IPHONEOS_DEPLOYMENT_TARGET = 13.0;
				MTL_ENABLE_DEBUG_INFO = YES;
				ONLY_ACTIVE_ARCH = YES;
				SDKROOT = iphoneos;
				SWIFT_ACTIVE_COMPILATION_CONDITIONS = DEBUG;
				SWIFT_OPTIMIZATION_LEVEL = "-Onone";
			};
			name = Debug;
		};
		667ECE3C1FC36784009233DE /* Release */ = {
			isa = XCBuildConfiguration;
			buildSettings = {
				ALWAYS_SEARCH_USER_PATHS = YES;
				CLANG_ANALYZER_LOCALIZABILITY_NONLOCALIZED = YES;
				CLANG_ANALYZER_NONNULL = YES;
				CLANG_ANALYZER_NUMBER_OBJECT_CONVERSION = YES_AGGRESSIVE;
				CLANG_CXX_LANGUAGE_STANDARD = "gnu++14";
				CLANG_CXX_LIBRARY = "";
				CLANG_ENABLE_MODULES = YES;
				CLANG_ENABLE_OBJC_ARC = YES;
				CLANG_WARN_BLOCK_CAPTURE_AUTORELEASING = YES;
				CLANG_WARN_BOOL_CONVERSION = YES;
				CLANG_WARN_COMMA = YES;
				CLANG_WARN_CONSTANT_CONVERSION = YES;
				CLANG_WARN_DEPRECATED_OBJC_IMPLEMENTATIONS = YES;
				CLANG_WARN_DIRECT_OBJC_ISA_USAGE = YES_ERROR;
				CLANG_WARN_DOCUMENTATION_COMMENTS = YES;
				CLANG_WARN_EMPTY_BODY = YES;
				CLANG_WARN_ENUM_CONVERSION = YES;
				CLANG_WARN_INFINITE_RECURSION = YES;
				CLANG_WARN_INT_CONVERSION = YES;
				CLANG_WARN_NON_LITERAL_NULL_CONVERSION = YES;
				CLANG_WARN_OBJC_IMPLICIT_RETAIN_SELF = YES;
				CLANG_WARN_OBJC_LITERAL_CONVERSION = YES;
				CLANG_WARN_OBJC_ROOT_CLASS = YES_ERROR;
				CLANG_WARN_QUOTED_INCLUDE_IN_FRAMEWORK_HEADER = YES;
				CLANG_WARN_RANGE_LOOP_ANALYSIS = YES;
				CLANG_WARN_STRICT_PROTOTYPES = YES;
				CLANG_WARN_SUSPICIOUS_MOVE = YES;
				CLANG_WARN_UNGUARDED_AVAILABILITY = YES_AGGRESSIVE;
				CLANG_WARN_UNREACHABLE_CODE = YES;
				CLANG_WARN__DUPLICATE_METHOD_MATCH = YES;
				CODE_SIGN_IDENTITY = "iPhone Developer";
				COPY_PHASE_STRIP = NO;
				DEBUG_INFORMATION_FORMAT = "dwarf-with-dsym";
				ENABLE_NS_ASSERTIONS = NO;
				ENABLE_STRICT_OBJC_MSGSEND = YES;
				ENABLE_USER_SCRIPT_SANDBOXING = NO;
				GCC_C_LANGUAGE_STANDARD = gnu11;
				GCC_NO_COMMON_BLOCKS = YES;
				GCC_WARN_64_TO_32_BIT_CONVERSION = YES;
				GCC_WARN_ABOUT_RETURN_TYPE = YES_ERROR;
				GCC_WARN_UNDECLARED_SELECTOR = YES;
				GCC_WARN_UNINITIALIZED_AUTOS = YES_AGGRESSIVE;
				GCC_WARN_UNUSED_FUNCTION = YES;
				GCC_WARN_UNUSED_VARIABLE = YES;
				IPHONEOS_DEPLOYMENT_TARGET = 13.0;
				MTL_ENABLE_DEBUG_INFO = NO;
				SDKROOT = iphoneos;
				SWIFT_COMPILATION_MODE = wholemodule;
				SWIFT_OPTIMIZATION_LEVEL = "-O";
				VALIDATE_PRODUCT = YES;
			};
			name = Release;
		};
		667ECE3E1FC36784009233DE /* Debug */ = {
			isa = XCBuildConfiguration;
			buildSettings = {
				ALWAYS_EMBED_SWIFT_STANDARD_LIBRARIES = YES;
				ALWAYS_SEARCH_USER_PATHS = YES;
				ASSETCATALOG_COMPILER_APPICON_NAME = AppIcon;
				CLANG_ENABLE_MODULES = YES;
				CODE_SIGN_ENTITLEMENTS = AppApp/Resources/AppApp.entitlements;
				CODE_SIGN_STYLE = Automatic;
				CURRENT_PROJECT_VERSION = 1.1.0;
				DEVELOPMENT_TEAM = Q2UN54KG3Y;
				FRAMEWORK_SEARCH_PATHS = "$(inherited)";
				HEADER_SEARCH_PATHS = "$(inherited)";
				INFOPLIST_FILE = AppApp/Resources/Info.plist;
				IPHONEOS_DEPLOYMENT_TARGET = 15.0;
				LD_RUNPATH_SEARCH_PATHS = "$(inherited)";
				LIBRARY_SEARCH_PATHS = "$(inherited)";
				MARKETING_VERSION = 1.1.0;
				PRODUCT_BUNDLE_IDENTIFIER = xyz.uruly.AppApp;
				PRODUCT_NAME = "$(TARGET_NAME)";
				SWIFT_INSTALL_OBJC_HEADER = NO;
				SWIFT_OBJC_BRIDGING_HEADER = "";
				SWIFT_OBJC_INTERFACE_HEADER_NAME = "";
				SWIFT_OPTIMIZATION_LEVEL = "-Onone";
				SWIFT_VERSION = 5.0;
				TARGETED_DEVICE_FAMILY = 1;
			};
			name = Debug;
		};
		667ECE3F1FC36784009233DE /* Release */ = {
			isa = XCBuildConfiguration;
			buildSettings = {
				ALWAYS_EMBED_SWIFT_STANDARD_LIBRARIES = YES;
				ALWAYS_SEARCH_USER_PATHS = YES;
				ASSETCATALOG_COMPILER_APPICON_NAME = AppIcon;
				CLANG_ENABLE_MODULES = YES;
				CODE_SIGN_ENTITLEMENTS = AppApp/Resources/AppApp.entitlements;
				CODE_SIGN_STYLE = Automatic;
				CURRENT_PROJECT_VERSION = 1.1.0;
				DEVELOPMENT_TEAM = Q2UN54KG3Y;
				FRAMEWORK_SEARCH_PATHS = "$(inherited)";
				HEADER_SEARCH_PATHS = "$(inherited)";
				INFOPLIST_FILE = AppApp/Resources/Info.plist;
				IPHONEOS_DEPLOYMENT_TARGET = 15.0;
				LD_RUNPATH_SEARCH_PATHS = "$(inherited)";
				LIBRARY_SEARCH_PATHS = "$(inherited)";
				MARKETING_VERSION = 1.1.0;
				PRODUCT_BUNDLE_IDENTIFIER = xyz.uruly.AppApp;
				PRODUCT_NAME = "$(TARGET_NAME)";
				SWIFT_INSTALL_OBJC_HEADER = NO;
				SWIFT_OBJC_BRIDGING_HEADER = "";
				SWIFT_OBJC_INTERFACE_HEADER_NAME = "";
				SWIFT_VERSION = 5.0;
				TARGETED_DEVICE_FAMILY = 1;
			};
			name = Release;
		};
		667ECE411FC36784009233DE /* Debug */ = {
			isa = XCBuildConfiguration;
			buildSettings = {
				ALWAYS_EMBED_SWIFT_STANDARD_LIBRARIES = YES;
				BUNDLE_LOADER = "$(TEST_HOST)";
				"CODE_SIGN_IDENTITY[sdk=macosx*]" = "Apple Development";
				CODE_SIGN_STYLE = Automatic;
				DEVELOPMENT_TEAM = Q2UN54KG3Y;
				INFOPLIST_FILE = AppAppTests/Info.plist;
				LD_RUNPATH_SEARCH_PATHS = (
					"$(inherited)",
					"@executable_path/Frameworks",
					"@loader_path/Frameworks",
				);
				PRODUCT_BUNDLE_IDENTIFIER = xyz.uruly.AppAppTests;
				PRODUCT_NAME = "$(TARGET_NAME)";
				SWIFT_VERSION = 5.0;
				TARGETED_DEVICE_FAMILY = "1,2";
				TEST_HOST = "$(BUILT_PRODUCTS_DIR)/AppApp.app/AppApp";
			};
			name = Debug;
		};
		667ECE421FC36784009233DE /* Release */ = {
			isa = XCBuildConfiguration;
			buildSettings = {
				ALWAYS_EMBED_SWIFT_STANDARD_LIBRARIES = YES;
				BUNDLE_LOADER = "$(TEST_HOST)";
				"CODE_SIGN_IDENTITY[sdk=macosx*]" = "Apple Development";
				CODE_SIGN_STYLE = Automatic;
				DEVELOPMENT_TEAM = Q2UN54KG3Y;
				INFOPLIST_FILE = AppAppTests/Info.plist;
				LD_RUNPATH_SEARCH_PATHS = (
					"$(inherited)",
					"@executable_path/Frameworks",
					"@loader_path/Frameworks",
				);
				PRODUCT_BUNDLE_IDENTIFIER = xyz.uruly.AppAppTests;
				PRODUCT_NAME = "$(TARGET_NAME)";
				SWIFT_VERSION = 5.0;
				TARGETED_DEVICE_FAMILY = "1,2";
				TEST_HOST = "$(BUILT_PRODUCTS_DIR)/AppApp.app/AppApp";
			};
			name = Release;
		};
		667ECE441FC36784009233DE /* Debug */ = {
			isa = XCBuildConfiguration;
			buildSettings = {
				ALWAYS_EMBED_SWIFT_STANDARD_LIBRARIES = YES;
				CODE_SIGN_STYLE = Automatic;
				DEVELOPMENT_TEAM = Q2UN54KG3Y;
				INFOPLIST_FILE = AppAppUITests/Info.plist;
				LD_RUNPATH_SEARCH_PATHS = (
					"$(inherited)",
					"@executable_path/Frameworks",
					"@loader_path/Frameworks",
				);
				PRODUCT_BUNDLE_IDENTIFIER = xyz.uruly.AppAppUITests;
				PRODUCT_NAME = "$(TARGET_NAME)";
				SWIFT_VERSION = 5.0;
				TARGETED_DEVICE_FAMILY = "1,2";
				TEST_TARGET_NAME = AppApp;
			};
			name = Debug;
		};
		667ECE451FC36784009233DE /* Release */ = {
			isa = XCBuildConfiguration;
			buildSettings = {
				ALWAYS_EMBED_SWIFT_STANDARD_LIBRARIES = YES;
				CODE_SIGN_STYLE = Automatic;
				DEVELOPMENT_TEAM = Q2UN54KG3Y;
				INFOPLIST_FILE = AppAppUITests/Info.plist;
				LD_RUNPATH_SEARCH_PATHS = (
					"$(inherited)",
					"@executable_path/Frameworks",
					"@loader_path/Frameworks",
				);
				PRODUCT_BUNDLE_IDENTIFIER = xyz.uruly.AppAppUITests;
				PRODUCT_NAME = "$(TARGET_NAME)";
				SWIFT_VERSION = 5.0;
				TARGETED_DEVICE_FAMILY = "1,2";
				TEST_TARGET_NAME = AppApp;
			};
			name = Release;
		};
		66AA1E031FC56519001C419E /* Debug */ = {
			isa = XCBuildConfiguration;
			buildSettings = {
				CODE_SIGN_ENTITLEMENTS = ShareFromAppStoreExtension/ShareFromAppStoreExtension.entitlements;
				CODE_SIGN_STYLE = Automatic;
				DEVELOPMENT_TEAM = Q2UN54KG3Y;
				FRAMEWORK_SEARCH_PATHS = "$(inherited)";
				INFOPLIST_FILE = ShareFromAppStoreExtension/Info.plist;
				IPHONEOS_DEPLOYMENT_TARGET = 15.0;
				LD_RUNPATH_SEARCH_PATHS = "$(inherited)";
				PRODUCT_BUNDLE_IDENTIFIER = xyz.uruly.AppApp.ShareFromAppStoreExtension;
				PRODUCT_NAME = "$(TARGET_NAME)";
				SKIP_INSTALL = YES;
				SWIFT_VERSION = 5.0;
				TARGETED_DEVICE_FAMILY = 1;
			};
			name = Debug;
		};
		66AA1E041FC56519001C419E /* Release */ = {
			isa = XCBuildConfiguration;
			buildSettings = {
				CODE_SIGN_ENTITLEMENTS = ShareFromAppStoreExtension/ShareFromAppStoreExtension.entitlements;
				CODE_SIGN_STYLE = Automatic;
				DEVELOPMENT_TEAM = Q2UN54KG3Y;
				FRAMEWORK_SEARCH_PATHS = "$(inherited)";
				INFOPLIST_FILE = ShareFromAppStoreExtension/Info.plist;
				IPHONEOS_DEPLOYMENT_TARGET = 15.0;
				LD_RUNPATH_SEARCH_PATHS = "$(inherited)";
				PRODUCT_BUNDLE_IDENTIFIER = xyz.uruly.AppApp.ShareFromAppStoreExtension;
				PRODUCT_NAME = "$(TARGET_NAME)";
				SKIP_INSTALL = YES;
				SWIFT_VERSION = 5.0;
				TARGETED_DEVICE_FAMILY = 1;
			};
			name = Release;
		};
/* End XCBuildConfiguration section */

/* Begin XCConfigurationList section */
		667ECE101FC36784009233DE /* Build configuration list for PBXProject "AppApp" */ = {
			isa = XCConfigurationList;
			buildConfigurations = (
				667ECE3B1FC36784009233DE /* Debug */,
				667ECE3C1FC36784009233DE /* Release */,
			);
			defaultConfigurationIsVisible = 0;
			defaultConfigurationName = Release;
		};
		667ECE3D1FC36784009233DE /* Build configuration list for PBXNativeTarget "AppApp" */ = {
			isa = XCConfigurationList;
			buildConfigurations = (
				667ECE3E1FC36784009233DE /* Debug */,
				667ECE3F1FC36784009233DE /* Release */,
			);
			defaultConfigurationIsVisible = 0;
			defaultConfigurationName = Release;
		};
		667ECE401FC36784009233DE /* Build configuration list for PBXNativeTarget "AppAppTests" */ = {
			isa = XCConfigurationList;
			buildConfigurations = (
				667ECE411FC36784009233DE /* Debug */,
				667ECE421FC36784009233DE /* Release */,
			);
			defaultConfigurationIsVisible = 0;
			defaultConfigurationName = Release;
		};
		667ECE431FC36784009233DE /* Build configuration list for PBXNativeTarget "AppAppUITests" */ = {
			isa = XCConfigurationList;
			buildConfigurations = (
				667ECE441FC36784009233DE /* Debug */,
				667ECE451FC36784009233DE /* Release */,
			);
			defaultConfigurationIsVisible = 0;
			defaultConfigurationName = Release;
		};
		66AA1E021FC56519001C419E /* Build configuration list for PBXNativeTarget "ShareFromAppStoreExtension" */ = {
			isa = XCConfigurationList;
			buildConfigurations = (
				66AA1E031FC56519001C419E /* Debug */,
				66AA1E041FC56519001C419E /* Release */,
			);
			defaultConfigurationIsVisible = 0;
			defaultConfigurationName = Release;
		};
/* End XCConfigurationList section */

/* Begin XCRemoteSwiftPackageReference section */
		624D2F122B75E683007AE22A /* XCRemoteSwiftPackageReference "realm-swift" */ = {
			isa = XCRemoteSwiftPackageReference;
			repositoryURL = "https://github.com/realm/realm-swift";
			requirement = {
				branch = master;
				kind = branch;
			};
		};
		624D2F1B2B75E78D007AE22A /* XCRemoteSwiftPackageReference "R" */ = {
			isa = XCRemoteSwiftPackageReference;
			repositoryURL = "https://github.com/mac-cain13/R.swift";
			requirement = {
				kind = upToNextMajorVersion;
				minimumVersion = 7.5.0;
			};
		};
		624D2F202B75E7DC007AE22A /* XCRemoteSwiftPackageReference "LicensePlist" */ = {
			isa = XCRemoteSwiftPackageReference;
			repositoryURL = "https://github.com/mono0926/LicensePlist";
			requirement = {
				kind = upToNextMajorVersion;
				minimumVersion = 3.25.1;
			};
		};
		660B068324D05202003100EE /* XCRemoteSwiftPackageReference "SnapKit" */ = {
			isa = XCRemoteSwiftPackageReference;
			repositoryURL = "https://github.com/SnapKit/SnapKit";
			requirement = {
				kind = upToNextMinorVersion;
				minimumVersion = 5.0.1;
			};
		};
/* End XCRemoteSwiftPackageReference section */

/* Begin XCSwiftPackageProductDependency section */
		624D2F132B75E683007AE22A /* Realm */ = {
			isa = XCSwiftPackageProductDependency;
			package = 624D2F122B75E683007AE22A /* XCRemoteSwiftPackageReference "realm-swift" */;
			productName = Realm;
		};
		624D2F152B75E683007AE22A /* RealmSwift */ = {
			isa = XCSwiftPackageProductDependency;
			package = 624D2F122B75E683007AE22A /* XCRemoteSwiftPackageReference "realm-swift" */;
			productName = RealmSwift;
		};
		624D2F172B75E6B9007AE22A /* Realm */ = {
			isa = XCSwiftPackageProductDependency;
			package = 624D2F122B75E683007AE22A /* XCRemoteSwiftPackageReference "realm-swift" */;
			productName = Realm;
		};
		624D2F192B75E6B9007AE22A /* RealmSwift */ = {
			isa = XCSwiftPackageProductDependency;
			package = 624D2F122B75E683007AE22A /* XCRemoteSwiftPackageReference "realm-swift" */;
			productName = RealmSwift;
		};
		624D2F1E2B75E7B9007AE22A /* RswiftGenerateInternalResources */ = {
			isa = XCSwiftPackageProductDependency;
			productName = "plugin:RswiftGenerateInternalResources";
		};
		624D2F212B75E7F4007AE22A /* LicensePlistBuildTool */ = {
			isa = XCSwiftPackageProductDependency;
			package = 624D2F202B75E7DC007AE22A /* XCRemoteSwiftPackageReference "LicensePlist" */;
			productName = "plugin:LicensePlistBuildTool";
		};
		624D2F3A2B75EBC3007AE22A /* RswiftGenerateInternalResources */ = {
			isa = XCSwiftPackageProductDependency;
			productName = "plugin:RswiftGenerateInternalResources";
		};
		624D2F512B75EFE1007AE22A /* RswiftLibrary */ = {
			isa = XCSwiftPackageProductDependency;
			package = 624D2F1B2B75E78D007AE22A /* XCRemoteSwiftPackageReference "R" */;
			productName = RswiftLibrary;
		};
		624D2F532B75EFE6007AE22A /* RswiftLibrary */ = {
			isa = XCSwiftPackageProductDependency;
			package = 624D2F1B2B75E78D007AE22A /* XCRemoteSwiftPackageReference "R" */;
			productName = RswiftLibrary;
		};
		660B068424D05202003100EE /* SnapKit */ = {
			isa = XCSwiftPackageProductDependency;
			package = 660B068324D05202003100EE /* XCRemoteSwiftPackageReference "SnapKit" */;
			productName = SnapKit;
		};
/* End XCSwiftPackageProductDependency section */
	};
	rootObject = 667ECE0D1FC36784009233DE /* Project object */;
}
